// !$*UTF8*$!
{
	archiveVersion = 1;
	classes = {
	};
	objectVersion = 56;
	objects = {

/* Begin PBXBuildFile section */
		E0E931902BC4168E000C7DE6 /* AppDelegate.swift in Sources */ = {isa = PBXBuildFile; fileRef = E0E9318F2BC4168E000C7DE6 /* AppDelegate.swift */; };
		E0E931922BC4168E000C7DE6 /* SceneDelegate.swift in Sources */ = {isa = PBXBuildFile; fileRef = E0E931912BC4168E000C7DE6 /* SceneDelegate.swift */; };
		E0E931942BC4168E000C7DE6 /* ViewController.swift in Sources */ = {isa = PBXBuildFile; fileRef = E0E931932BC4168E000C7DE6 /* ViewController.swift */; };
		E0E931972BC4168E000C7DE6 /* Main.storyboard in Resources */ = {isa = PBXBuildFile; fileRef = E0E931952BC4168E000C7DE6 /* Main.storyboard */; };
		E0E931992BC4168F000C7DE6 /* Assets.xcassets in Resources */ = {isa = PBXBuildFile; fileRef = E0E931982BC4168F000C7DE6 /* Assets.xcassets */; };
		E0E9319C2BC4168F000C7DE6 /* LaunchScreen.storyboard in Resources */ = {isa = PBXBuildFile; fileRef = E0E9319A2BC4168F000C7DE6 /* LaunchScreen.storyboard */; };
		E0E931A72BC4168F000C7DE6 /* HomePageAndTestsTests.swift in Sources */ = {isa = PBXBuildFile; fileRef = E0E931A62BC4168F000C7DE6 /* HomePageAndTestsTests.swift */; };
		E0E931B12BC4168F000C7DE6 /* HomePageAndTestsUITests.swift in Sources */ = {isa = PBXBuildFile; fileRef = E0E931B02BC4168F000C7DE6 /* HomePageAndTestsUITests.swift */; };
		E0E931B32BC4168F000C7DE6 /* HomePageAndTestsUITestsLaunchTests.swift in Sources */ = {isa = PBXBuildFile; fileRef = E0E931B22BC4168F000C7DE6 /* HomePageAndTestsUITestsLaunchTests.swift */; };
/* End PBXBuildFile section */

/* Begin PBXContainerItemProxy section */
		E0E931A32BC4168F000C7DE6 /* PBXContainerItemProxy */ = {
			isa = PBXContainerItemProxy;
			containerPortal = E0E931842BC4168E000C7DE6 /* Project object */;
			proxyType = 1;
			remoteGlobalIDString = E0E9318B2BC4168E000C7DE6;
			remoteInfo = HomePageAndTests;
		};
		E0E931AD2BC4168F000C7DE6 /* PBXContainerItemProxy */ = {
			isa = PBXContainerItemProxy;
			containerPortal = E0E931842BC4168E000C7DE6 /* Project object */;
			proxyType = 1;
			remoteGlobalIDString = E0E9318B2BC4168E000C7DE6;
			remoteInfo = HomePageAndTests;
		};
/* End PBXContainerItemProxy section */

/* Begin PBXFileReference section */
		E0E9318C2BC4168E000C7DE6 /* HomePageAndTests.app */ = {isa = PBXFileReference; explicitFileType = wrapper.application; includeInIndex = 0; path = HomePageAndTests.app; sourceTree = BUILT_PRODUCTS_DIR; };
		E0E9318F2BC4168E000C7DE6 /* AppDelegate.swift */ = {isa = PBXFileReference; lastKnownFileType = sourcecode.swift; path = AppDelegate.swift; sourceTree = "<group>"; };
		E0E931912BC4168E000C7DE6 /* SceneDelegate.swift */ = {isa = PBXFileReference; lastKnownFileType = sourcecode.swift; path = SceneDelegate.swift; sourceTree = "<group>"; };
		E0E931932BC4168E000C7DE6 /* ViewController.swift */ = {isa = PBXFileReference; lastKnownFileType = sourcecode.swift; path = ViewController.swift; sourceTree = "<group>"; };
		E0E931962BC4168E000C7DE6 /* Base */ = {isa = PBXFileReference; lastKnownFileType = file.storyboard; name = Base; path = Base.lproj/Main.storyboard; sourceTree = "<group>"; };
		E0E931982BC4168F000C7DE6 /* Assets.xcassets */ = {isa = PBXFileReference; lastKnownFileType = folder.assetcatalog; path = Assets.xcassets; sourceTree = "<group>"; };
		E0E9319B2BC4168F000C7DE6 /* Base */ = {isa = PBXFileReference; lastKnownFileType = file.storyboard; name = Base; path = Base.lproj/LaunchScreen.storyboard; sourceTree = "<group>"; };
		E0E9319D2BC4168F000C7DE6 /* Info.plist */ = {isa = PBXFileReference; lastKnownFileType = text.plist.xml; path = Info.plist; sourceTree = "<group>"; };
		E0E931A22BC4168F000C7DE6 /* HomePageAndTestsTests.xctest */ = {isa = PBXFileReference; explicitFileType = wrapper.cfbundle; includeInIndex = 0; path = HomePageAndTestsTests.xctest; sourceTree = BUILT_PRODUCTS_DIR; };
		E0E931A62BC4168F000C7DE6 /* HomePageAndTestsTests.swift */ = {isa = PBXFileReference; lastKnownFileType = sourcecode.swift; path = HomePageAndTestsTests.swift; sourceTree = "<group>"; };
		E0E931AC2BC4168F000C7DE6 /* HomePageAndTestsUITests.xctest */ = {isa = PBXFileReference; explicitFileType = wrapper.cfbundle; includeInIndex = 0; path = HomePageAndTestsUITests.xctest; sourceTree = BUILT_PRODUCTS_DIR; };
		E0E931B02BC4168F000C7DE6 /* HomePageAndTestsUITests.swift */ = {isa = PBXFileReference; lastKnownFileType = sourcecode.swift; path = HomePageAndTestsUITests.swift; sourceTree = "<group>"; };
		E0E931B22BC4168F000C7DE6 /* HomePageAndTestsUITestsLaunchTests.swift */ = {isa = PBXFileReference; lastKnownFileType = sourcecode.swift; path = HomePageAndTestsUITestsLaunchTests.swift; sourceTree = "<group>"; };
/* End PBXFileReference section */

/* Begin PBXFrameworksBuildPhase section */
		E0E931892BC4168E000C7DE6 /* Frameworks */ = {
			isa = PBXFrameworksBuildPhase;
			buildActionMask = 2147483647;
			files = (
			);
			runOnlyForDeploymentPostprocessing = 0;
		};
		E0E9319F2BC4168F000C7DE6 /* Frameworks */ = {
			isa = PBXFrameworksBuildPhase;
			buildActionMask = 2147483647;
			files = (
			);
			runOnlyForDeploymentPostprocessing = 0;
		};
		E0E931A92BC4168F000C7DE6 /* Frameworks */ = {
			isa = PBXFrameworksBuildPhase;
			buildActionMask = 2147483647;
			files = (
			);
			runOnlyForDeploymentPostprocessing = 0;
		};
/* End PBXFrameworksBuildPhase section */

/* Begin PBXGroup section */
		E0E931832BC4168E000C7DE6 = {
			isa = PBXGroup;
			children = (
				E0E9318E2BC4168E000C7DE6 /* HomePageAndTests */,
				E0E931A52BC4168F000C7DE6 /* HomePageAndTestsTests */,
				E0E931AF2BC4168F000C7DE6 /* HomePageAndTestsUITests */,
				E0E9318D2BC4168E000C7DE6 /* Products */,
			);
			sourceTree = "<group>";
		};
		E0E9318D2BC4168E000C7DE6 /* Products */ = {
			isa = PBXGroup;
			children = (
				E0E9318C2BC4168E000C7DE6 /* HomePageAndTests.app */,
				E0E931A22BC4168F000C7DE6 /* HomePageAndTestsTests.xctest */,
				E0E931AC2BC4168F000C7DE6 /* HomePageAndTestsUITests.xctest */,
			);
			name = Products;
			sourceTree = "<group>";
		};
		E0E9318E2BC4168E000C7DE6 /* HomePageAndTests */ = {
			isa = PBXGroup;
			children = (
				E0E9318F2BC4168E000C7DE6 /* AppDelegate.swift */,
				E0E931912BC4168E000C7DE6 /* SceneDelegate.swift */,
				E0E931932BC4168E000C7DE6 /* ViewController.swift */,
				E0E931952BC4168E000C7DE6 /* Main.storyboard */,
				E0E931982BC4168F000C7DE6 /* Assets.xcassets */,
				E0E9319A2BC4168F000C7DE6 /* LaunchScreen.storyboard */,
				E0E9319D2BC4168F000C7DE6 /* Info.plist */,
			);
			path = HomePageAndTests;
			sourceTree = "<group>";
		};
		E0E931A52BC4168F000C7DE6 /* HomePageAndTestsTests */ = {
			isa = PBXGroup;
			children = (
				E0E931A62BC4168F000C7DE6 /* HomePageAndTestsTests.swift */,
			);
			path = HomePageAndTestsTests;
			sourceTree = "<group>";
		};
		E0E931AF2BC4168F000C7DE6 /* HomePageAndTestsUITests */ = {
			isa = PBXGroup;
			children = (
				E0E931B02BC4168F000C7DE6 /* HomePageAndTestsUITests.swift */,
				E0E931B22BC4168F000C7DE6 /* HomePageAndTestsUITestsLaunchTests.swift */,
			);
			path = HomePageAndTestsUITests;
			sourceTree = "<group>";
		};
/* End PBXGroup section */

/* Begin PBXNativeTarget section */
		E0E9318B2BC4168E000C7DE6 /* HomePageAndTests */ = {
			isa = PBXNativeTarget;
			buildConfigurationList = E0E931B62BC4168F000C7DE6 /* Build configuration list for PBXNativeTarget "HomePageAndTests" */;
			buildPhases = (
				E0E931882BC4168E000C7DE6 /* Sources */,
				E0E931892BC4168E000C7DE6 /* Frameworks */,
				E0E9318A2BC4168E000C7DE6 /* Resources */,
			);
			buildRules = (
			);
			dependencies = (
			);
			name = HomePageAndTests;
			productName = HomePageAndTests;
			productReference = E0E9318C2BC4168E000C7DE6 /* HomePageAndTests.app */;
			productType = "com.apple.product-type.application";
		};
		E0E931A12BC4168F000C7DE6 /* HomePageAndTestsTests */ = {
			isa = PBXNativeTarget;
			buildConfigurationList = E0E931B92BC4168F000C7DE6 /* Build configuration list for PBXNativeTarget "HomePageAndTestsTests" */;
			buildPhases = (
				E0E9319E2BC4168F000C7DE6 /* Sources */,
				E0E9319F2BC4168F000C7DE6 /* Frameworks */,
				E0E931A02BC4168F000C7DE6 /* Resources */,
			);
			buildRules = (
			);
			dependencies = (
				E0E931A42BC4168F000C7DE6 /* PBXTargetDependency */,
			);
			name = HomePageAndTestsTests;
			productName = HomePageAndTestsTests;
			productReference = E0E931A22BC4168F000C7DE6 /* HomePageAndTestsTests.xctest */;
			productType = "com.apple.product-type.bundle.unit-test";
		};
		E0E931AB2BC4168F000C7DE6 /* HomePageAndTestsUITests */ = {
			isa = PBXNativeTarget;
			buildConfigurationList = E0E931BC2BC4168F000C7DE6 /* Build configuration list for PBXNativeTarget "HomePageAndTestsUITests" */;
			buildPhases = (
				E0E931A82BC4168F000C7DE6 /* Sources */,
				E0E931A92BC4168F000C7DE6 /* Frameworks */,
				E0E931AA2BC4168F000C7DE6 /* Resources */,
			);
			buildRules = (
			);
			dependencies = (
				E0E931AE2BC4168F000C7DE6 /* PBXTargetDependency */,
			);
			name = HomePageAndTestsUITests;
			productName = HomePageAndTestsUITests;
			productReference = E0E931AC2BC4168F000C7DE6 /* HomePageAndTestsUITests.xctest */;
			productType = "com.apple.product-type.bundle.ui-testing";
		};
/* End PBXNativeTarget section */

/* Begin PBXProject section */
		E0E931842BC4168E000C7DE6 /* Project object */ = {
			isa = PBXProject;
			attributes = {
				BuildIndependentTargetsInParallel = 1;
				LastSwiftUpdateCheck = 1520;
				LastUpgradeCheck = 1520;
				TargetAttributes = {
					E0E9318B2BC4168E000C7DE6 = {
						CreatedOnToolsVersion = 15.2;
					};
					E0E931A12BC4168F000C7DE6 = {
						CreatedOnToolsVersion = 15.2;
						TestTargetID = E0E9318B2BC4168E000C7DE6;
					};
					E0E931AB2BC4168F000C7DE6 = {
						CreatedOnToolsVersion = 15.2;
						TestTargetID = E0E9318B2BC4168E000C7DE6;
					};
				};
			};
			buildConfigurationList = E0E931872BC4168E000C7DE6 /* Build configuration list for PBXProject "HomePageAndTests" */;
			compatibilityVersion = "Xcode 14.0";
			developmentRegion = en;
			hasScannedForEncodings = 0;
			knownRegions = (
				en,
				Base,
			);
			mainGroup = E0E931832BC4168E000C7DE6;
			productRefGroup = E0E9318D2BC4168E000C7DE6 /* Products */;
			projectDirPath = "";
			projectRoot = "";
			targets = (
				E0E9318B2BC4168E000C7DE6 /* HomePageAndTests */,
				E0E931A12BC4168F000C7DE6 /* HomePageAndTestsTests */,
				E0E931AB2BC4168F000C7DE6 /* HomePageAndTestsUITests */,
			);
		};
/* End PBXProject section */

/* Begin PBXResourcesBuildPhase section */
		E0E9318A2BC4168E000C7DE6 /* Resources */ = {
			isa = PBXResourcesBuildPhase;
			buildActionMask = 2147483647;
			files = (
				E0E9319C2BC4168F000C7DE6 /* LaunchScreen.storyboard in Resources */,
				E0E931992BC4168F000C7DE6 /* Assets.xcassets in Resources */,
				E0E931972BC4168E000C7DE6 /* Main.storyboard in Resources */,
			);
			runOnlyForDeploymentPostprocessing = 0;
		};
		E0E931A02BC4168F000C7DE6 /* Resources */ = {
			isa = PBXResourcesBuildPhase;
			buildActionMask = 2147483647;
			files = (
			);
			runOnlyForDeploymentPostprocessing = 0;
		};
		E0E931AA2BC4168F000C7DE6 /* Resources */ = {
			isa = PBXResourcesBuildPhase;
			buildActionMask = 2147483647;
			files = (
			);
			runOnlyForDeploymentPostprocessing = 0;
		};
/* End PBXResourcesBuildPhase section */

/* Begin PBXSourcesBuildPhase section */
		E0E931882BC4168E000C7DE6 /* Sources */ = {
			isa = PBXSourcesBuildPhase;
			buildActionMask = 2147483647;
			files = (
				E0E931942BC4168E000C7DE6 /* ViewController.swift in Sources */,
				E0E931902BC4168E000C7DE6 /* AppDelegate.swift in Sources */,
				E0E931922BC4168E000C7DE6 /* SceneDelegate.swift in Sources */,
			);
			runOnlyForDeploymentPostprocessing = 0;
		};
		E0E9319E2BC4168F000C7DE6 /* Sources */ = {
			isa = PBXSourcesBuildPhase;
			buildActionMask = 2147483647;
			files = (
				E0E931A72BC4168F000C7DE6 /* HomePageAndTestsTests.swift in Sources */,
			);
			runOnlyForDeploymentPostprocessing = 0;
		};
		E0E931A82BC4168F000C7DE6 /* Sources */ = {
			isa = PBXSourcesBuildPhase;
			buildActionMask = 2147483647;
			files = (
				E0E931B32BC4168F000C7DE6 /* HomePageAndTestsUITestsLaunchTests.swift in Sources */,
				E0E931B12BC4168F000C7DE6 /* HomePageAndTestsUITests.swift in Sources */,
			);
			runOnlyForDeploymentPostprocessing = 0;
		};
/* End PBXSourcesBuildPhase section */

/* Begin PBXTargetDependency section */
		E0E931A42BC4168F000C7DE6 /* PBXTargetDependency */ = {
			isa = PBXTargetDependency;
			target = E0E9318B2BC4168E000C7DE6 /* HomePageAndTests */;
			targetProxy = E0E931A32BC4168F000C7DE6 /* PBXContainerItemProxy */;
		};
		E0E931AE2BC4168F000C7DE6 /* PBXTargetDependency */ = {
			isa = PBXTargetDependency;
			target = E0E9318B2BC4168E000C7DE6 /* HomePageAndTests */;
			targetProxy = E0E931AD2BC4168F000C7DE6 /* PBXContainerItemProxy */;
		};
/* End PBXTargetDependency section */

/* Begin PBXVariantGroup section */
		E0E931952BC4168E000C7DE6 /* Main.storyboard */ = {
			isa = PBXVariantGroup;
			children = (
				E0E931962BC4168E000C7DE6 /* Base */,
			);
			name = Main.storyboard;
			sourceTree = "<group>";
		};
		E0E9319A2BC4168F000C7DE6 /* LaunchScreen.storyboard */ = {
			isa = PBXVariantGroup;
			children = (
				E0E9319B2BC4168F000C7DE6 /* Base */,
			);
			name = LaunchScreen.storyboard;
			sourceTree = "<group>";
		};
/* End PBXVariantGroup section */

/* Begin XCBuildConfiguration section */
		E0E931B42BC4168F000C7DE6 /* Debug */ = {
			isa = XCBuildConfiguration;
			buildSettings = {
				ALWAYS_SEARCH_USER_PATHS = NO;
				ASSETCATALOG_COMPILER_GENERATE_SWIFT_ASSET_SYMBOL_EXTENSIONS = YES;
				CLANG_ANALYZER_NONNULL = YES;
				CLANG_ANALYZER_NUMBER_OBJECT_CONVERSION = YES_AGGRESSIVE;
				CLANG_CXX_LANGUAGE_STANDARD = "gnu++20";
				CLANG_ENABLE_MODULES = YES;
				CLANG_ENABLE_OBJC_ARC = YES;
				CLANG_ENABLE_OBJC_WEAK = YES;
				CLANG_WARN_BLOCK_CAPTURE_AUTORELEASING = YES;
				CLANG_WARN_BOOL_CONVERSION = YES;
				CLANG_WARN_COMMA = YES;
				CLANG_WARN_CONSTANT_CONVERSION = YES;
				CLANG_WARN_DEPRECATED_OBJC_IMPLEMENTATIONS = YES;
				CLANG_WARN_DIRECT_OBJC_ISA_USAGE = YES_ERROR;
				CLANG_WARN_DOCUMENTATION_COMMENTS = YES;
				CLANG_WARN_EMPTY_BODY = YES;
				CLANG_WARN_ENUM_CONVERSION = YES;
				CLANG_WARN_INFINITE_RECURSION = YES;
				CLANG_WARN_INT_CONVERSION = YES;
				CLANG_WARN_NON_LITERAL_NULL_CONVERSION = YES;
				CLANG_WARN_OBJC_IMPLICIT_RETAIN_SELF = YES;
				CLANG_WARN_OBJC_LITERAL_CONVERSION = YES;
				CLANG_WARN_OBJC_ROOT_CLASS = YES_ERROR;
				CLANG_WARN_QUOTED_INCLUDE_IN_FRAMEWORK_HEADER = YES;
				CLANG_WARN_RANGE_LOOP_ANALYSIS = YES;
				CLANG_WARN_STRICT_PROTOTYPES = YES;
				CLANG_WARN_SUSPICIOUS_MOVE = YES;
				CLANG_WARN_UNGUARDED_AVAILABILITY = YES_AGGRESSIVE;
				CLANG_WARN_UNREACHABLE_CODE = YES;
				CLANG_WARN__DUPLICATE_METHOD_MATCH = YES;
				COPY_PHASE_STRIP = NO;
				DEBUG_INFORMATION_FORMAT = dwarf;
				ENABLE_STRICT_OBJC_MSGSEND = YES;
				ENABLE_TESTABILITY = YES;
				ENABLE_USER_SCRIPT_SANDBOXING = YES;
				GCC_C_LANGUAGE_STANDARD = gnu17;
				GCC_DYNAMIC_NO_PIC = NO;
				GCC_NO_COMMON_BLOCKS = YES;
				GCC_OPTIMIZATION_LEVEL = 0;
				GCC_PREPROCESSOR_DEFINITIONS = (
					"DEBUG=1",
					"$(inherited)",
				);
				GCC_WARN_64_TO_32_BIT_CONVERSION = YES;
				GCC_WARN_ABOUT_RETURN_TYPE = YES_ERROR;
				GCC_WARN_UNDECLARED_SELECTOR = YES;
				GCC_WARN_UNINITIALIZED_AUTOS = YES_AGGRESSIVE;
				GCC_WARN_UNUSED_FUNCTION = YES;
				GCC_WARN_UNUSED_VARIABLE = YES;
				IPHONEOS_DEPLOYMENT_TARGET = 17.2;
				LOCALIZATION_PREFERS_STRING_CATALOGS = YES;
				MTL_ENABLE_DEBUG_INFO = INCLUDE_SOURCE;
				MTL_FAST_MATH = YES;
				ONLY_ACTIVE_ARCH = YES;
				SDKROOT = iphoneos;
				SWIFT_ACTIVE_COMPILATION_CONDITIONS = "DEBUG $(inherited)";
				SWIFT_OPTIMIZATION_LEVEL = "-Onone";
			};
			name = Debug;
		};
		E0E931B52BC4168F000C7DE6 /* Release */ = {
			isa = XCBuildConfiguration;
			buildSettings = {
				ALWAYS_SEARCH_USER_PATHS = NO;
				ASSETCATALOG_COMPILER_GENERATE_SWIFT_ASSET_SYMBOL_EXTENSIONS = YES;
				CLANG_ANALYZER_NONNULL = YES;
				CLANG_ANALYZER_NUMBER_OBJECT_CONVERSION = YES_AGGRESSIVE;
				CLANG_CXX_LANGUAGE_STANDARD = "gnu++20";
				CLANG_ENABLE_MODULES = YES;
				CLANG_ENABLE_OBJC_ARC = YES;
				CLANG_ENABLE_OBJC_WEAK = YES;
				CLANG_WARN_BLOCK_CAPTURE_AUTORELEASING = YES;
				CLANG_WARN_BOOL_CONVERSION = YES;
				CLANG_WARN_COMMA = YES;
				CLANG_WARN_CONSTANT_CONVERSION = YES;
				CLANG_WARN_DEPRECATED_OBJC_IMPLEMENTATIONS = YES;
				CLANG_WARN_DIRECT_OBJC_ISA_USAGE = YES_ERROR;
				CLANG_WARN_DOCUMENTATION_COMMENTS = YES;
				CLANG_WARN_EMPTY_BODY = YES;
				CLANG_WARN_ENUM_CONVERSION = YES;
				CLANG_WARN_INFINITE_RECURSION = YES;
				CLANG_WARN_INT_CONVERSION = YES;
				CLANG_WARN_NON_LITERAL_NULL_CONVERSION = YES;
				CLANG_WARN_OBJC_IMPLICIT_RETAIN_SELF = YES;
				CLANG_WARN_OBJC_LITERAL_CONVERSION = YES;
				CLANG_WARN_OBJC_ROOT_CLASS = YES_ERROR;
				CLANG_WARN_QUOTED_INCLUDE_IN_FRAMEWORK_HEADER = YES;
				CLANG_WARN_RANGE_LOOP_ANALYSIS = YES;
				CLANG_WARN_STRICT_PROTOTYPES = YES;
				CLANG_WARN_SUSPICIOUS_MOVE = YES;
				CLANG_WARN_UNGUARDED_AVAILABILITY = YES_AGGRESSIVE;
				CLANG_WARN_UNREACHABLE_CODE = YES;
				CLANG_WARN__DUPLICATE_METHOD_MATCH = YES;
				COPY_PHASE_STRIP = NO;
				DEBUG_INFORMATION_FORMAT = "dwarf-with-dsym";
				ENABLE_NS_ASSERTIONS = NO;
				ENABLE_STRICT_OBJC_MSGSEND = YES;
				ENABLE_USER_SCRIPT_SANDBOXING = YES;
				GCC_C_LANGUAGE_STANDARD = gnu17;
				GCC_NO_COMMON_BLOCKS = YES;
				GCC_WARN_64_TO_32_BIT_CONVERSION = YES;
				GCC_WARN_ABOUT_RETURN_TYPE = YES_ERROR;
				GCC_WARN_UNDECLARED_SELECTOR = YES;
				GCC_WARN_UNINITIALIZED_AUTOS = YES_AGGRESSIVE;
				GCC_WARN_UNUSED_FUNCTION = YES;
				GCC_WARN_UNUSED_VARIABLE = YES;
				IPHONEOS_DEPLOYMENT_TARGET = 17.2;
				LOCALIZATION_PREFERS_STRING_CATALOGS = YES;
				MTL_ENABLE_DEBUG_INFO = NO;
				MTL_FAST_MATH = YES;
				SDKROOT = iphoneos;
				SWIFT_COMPILATION_MODE = wholemodule;
				VALIDATE_PRODUCT = YES;
			};
			name = Release;
		};
		E0E931B72BC4168F000C7DE6 /* Debug */ = {
			isa = XCBuildConfiguration;
			buildSettings = {
				ASSETCATALOG_COMPILER_APPICON_NAME = AppIcon;
				ASSETCATALOG_COMPILER_GLOBAL_ACCENT_COLOR_NAME = AccentColor;
				CODE_SIGN_STYLE = Automatic;
				CURRENT_PROJECT_VERSION = 1;
				GENERATE_INFOPLIST_FILE = YES;
				INFOPLIST_FILE = HomePageAndTests/Info.plist;
				INFOPLIST_KEY_UIApplicationSupportsIndirectInputEvents = YES;
				INFOPLIST_KEY_UILaunchStoryboardName = LaunchScreen;
				INFOPLIST_KEY_UIMainStoryboardFile = Main;
				INFOPLIST_KEY_UISupportedInterfaceOrientations_iPad = "UIInterfaceOrientationPortrait UIInterfaceOrientationPortraitUpsideDown UIInterfaceOrientationLandscapeLeft UIInterfaceOrientationLandscapeRight";
				INFOPLIST_KEY_UISupportedInterfaceOrientations_iPhone = "UIInterfaceOrientationPortrait UIInterfaceOrientationLandscapeLeft UIInterfaceOrientationLandscapeRight";
				LD_RUNPATH_SEARCH_PATHS = (
					"$(inherited)",
					"@executable_path/Frameworks",
				);
				MARKETING_VERSION = 1.0;
				PRODUCT_BUNDLE_IDENTIFIER = com.Ahmed.Marwa.HomePageAndTests;
				PRODUCT_NAME = "$(TARGET_NAME)";
				SWIFT_EMIT_LOC_STRINGS = YES;
				SWIFT_VERSION = 5.0;
				TARGETED_DEVICE_FAMILY = "1,2";
			};
			name = Debug;
		};
		E0E931B82BC4168F000C7DE6 /* Release */ = {
			isa = XCBuildConfiguration;
			buildSettings = {
				ASSETCATALOG_COMPILER_APPICON_NAME = AppIcon;
				ASSETCATALOG_COMPILER_GLOBAL_ACCENT_COLOR_NAME = AccentColor;
				CODE_SIGN_STYLE = Automatic;
				CURRENT_PROJECT_VERSION = 1;
				GENERATE_INFOPLIST_FILE = YES;
				INFOPLIST_FILE = HomePageAndTests/Info.plist;
				INFOPLIST_KEY_UIApplicationSupportsIndirectInputEvents = YES;
				INFOPLIST_KEY_UILaunchStoryboardName = LaunchScreen;
				INFOPLIST_KEY_UIMainStoryboardFile = Main;
				INFOPLIST_KEY_UISupportedInterfaceOrientations_iPad = "UIInterfaceOrientationPortrait UIInterfaceOrientationPortraitUpsideDown UIInterfaceOrientationLandscapeLeft UIInterfaceOrientationLandscapeRight";
				INFOPLIST_KEY_UISupportedInterfaceOrientations_iPhone = "UIInterfaceOrientationPortrait UIInterfaceOrientationLandscapeLeft UIInterfaceOrientationLandscapeRight";
				LD_RUNPATH_SEARCH_PATHS = (
					"$(inherited)",
					"@executable_path/Frameworks",
				);
				MARKETING_VERSION = 1.0;
				PRODUCT_BUNDLE_IDENTIFIER = com.Ahmed.Marwa.HomePageAndTests;
				PRODUCT_NAME = "$(TARGET_NAME)";
				SWIFT_EMIT_LOC_STRINGS = YES;
				SWIFT_VERSION = 5.0;
				TARGETED_DEVICE_FAMILY = "1,2";
			};
			name = Release;
		};
		E0E931BA2BC4168F000C7DE6 /* Debug */ = {
			isa = XCBuildConfiguration;
			buildSettings = {
				ALWAYS_EMBED_SWIFT_STANDARD_LIBRARIES = YES;
				BUNDLE_LOADER = "$(TEST_HOST)";
				CODE_SIGN_STYLE = Automatic;
				CURRENT_PROJECT_VERSION = 1;
				GENERATE_INFOPLIST_FILE = YES;
				IPHONEOS_DEPLOYMENT_TARGET = 17.2;
				MARKETING_VERSION = 1.0;
				PRODUCT_BUNDLE_IDENTIFIER = com.Ahmed.Marwa.HomePageAndTestsTests;
				PRODUCT_NAME = "$(TARGET_NAME)";
				SWIFT_EMIT_LOC_STRINGS = NO;
				SWIFT_VERSION = 5.0;
				TARGETED_DEVICE_FAMILY = "1,2";
				TEST_HOST = "$(BUILT_PRODUCTS_DIR)/HomePageAndTests.app/$(BUNDLE_EXECUTABLE_FOLDER_PATH)/HomePageAndTests";
			};
			name = Debug;
		};
		E0E931BB2BC4168F000C7DE6 /* Release */ = {
			isa = XCBuildConfiguration;
			buildSettings = {
				ALWAYS_EMBED_SWIFT_STANDARD_LIBRARIES = YES;
				BUNDLE_LOADER = "$(TEST_HOST)";
				CODE_SIGN_STYLE = Automatic;
				CURRENT_PROJECT_VERSION = 1;
				GENERATE_INFOPLIST_FILE = YES;
				IPHONEOS_DEPLOYMENT_TARGET = 17.2;
				MARKETING_VERSION = 1.0;
				PRODUCT_BUNDLE_IDENTIFIER = com.Ahmed.Marwa.HomePageAndTestsTests;
				PRODUCT_NAME = "$(TARGET_NAME)";
				SWIFT_EMIT_LOC_STRINGS = NO;
				SWIFT_VERSION = 5.0;
				TARGETED_DEVICE_FAMILY = "1,2";
				TEST_HOST = "$(BUILT_PRODUCTS_DIR)/HomePageAndTests.app/$(BUNDLE_EXECUTABLE_FOLDER_PATH)/HomePageAndTests";
			};
			name = Release;
		};
		E0E931BD2BC4168F000C7DE6 /* Debug */ = {
			isa = XCBuildConfiguration;
			buildSettings = {
				ALWAYS_EMBED_SWIFT_STANDARD_LIBRARIES = YES;
				CODE_SIGN_STYLE = Automatic;
				CURRENT_PROJECT_VERSION = 1;
				GENERATE_INFOPLIST_FILE = YES;
				MARKETING_VERSION = 1.0;
				PRODUCT_BUNDLE_IDENTIFIER = com.Ahmed.Marwa.HomePageAndTestsUITests;
				PRODUCT_NAME = "$(TARGET_NAME)";
				SWIFT_EMIT_LOC_STRINGS = NO;
				SWIFT_VERSION = 5.0;
				TARGETED_DEVICE_FAMILY = "1,2";
				TEST_TARGET_NAME = HomePageAndTests;
			};
			name = Debug;
		};
		E0E931BE2BC4168F000C7DE6 /* Release */ = {
			isa = XCBuildConfiguration;
			buildSettings = {
				ALWAYS_EMBED_SWIFT_STANDARD_LIBRARIES = YES;
				CODE_SIGN_STYLE = Automatic;
				CURRENT_PROJECT_VERSION = 1;
				GENERATE_INFOPLIST_FILE = YES;
				MARKETING_VERSION = 1.0;
				PRODUCT_BUNDLE_IDENTIFIER = com.Ahmed.Marwa.HomePageAndTestsUITests;
				PRODUCT_NAME = "$(TARGET_NAME)";
				SWIFT_EMIT_LOC_STRINGS = NO;
				SWIFT_VERSION = 5.0;
				TARGETED_DEVICE_FAMILY = "1,2";
				TEST_TARGET_NAME = HomePageAndTests;
			};
			name = Release;
		};
/* End XCBuildConfiguration section */

/* Begin XCConfigurationList section */
		E0E931872BC4168E000C7DE6 /* Build configuration list for PBXProject "HomePageAndTests" */ = {
			isa = XCConfigurationList;
			buildConfigurations = (
				E0E931B42BC4168F000C7DE6 /* Debug */,
				E0E931B52BC4168F000C7DE6 /* Release */,
			);
			defaultConfigurationIsVisible = 0;
			defaultConfigurationName = Release;
		};
		E0E931B62BC4168F000C7DE6 /* Build configuration list for PBXNativeTarget "HomePageAndTests" */ = {
			isa = XCConfigurationList;
			buildConfigurations = (
				E0E931B72BC4168F000C7DE6 /* Debug */,
				E0E931B82BC4168F000C7DE6 /* Release */,
			);
			defaultConfigurationIsVisible = 0;
			defaultConfigurationName = Release;
		};
		E0E931B92BC4168F000C7DE6 /* Build configuration list for PBXNativeTarget "HomePageAndTestsTests" */ = {
			isa = XCConfigurationList;
			buildConfigurations = (
				E0E931BA2BC4168F000C7DE6 /* Debug */,
				E0E931BB2BC4168F000C7DE6 /* Release */,
			);
			defaultConfigurationIsVisible = 0;
			defaultConfigurationName = Release;
		};
		E0E931BC2BC4168F000C7DE6 /* Build configuration list for PBXNativeTarget "HomePageAndTestsUITests" */ = {
			isa = XCConfigurationList;
			buildConfigurations = (
				E0E931BD2BC4168F000C7DE6 /* Debug */,
				E0E931BE2BC4168F000C7DE6 /* Release */,
			);
			defaultConfigurationIsVisible = 0;
			defaultConfigurationName = Release;
		};
/* End XCConfigurationList section */
	};
	rootObject = E0E931842BC4168E000C7DE6 /* Project object */;
}
