// !$*UTF8*$!
{
	archiveVersion = 1;
	classes = {
	};
	objectVersion = 56;
	objects = {

/* Begin PBXBuildFile section */
		286288C42BC412C6008EC561 /* MessageKit in Frameworks */ = {isa = PBXBuildFile; productRef = 286288C32BC412C6008EC561 /* MessageKit */; };
		286288C72BC414A2008EC561 /* JGProgressHUD in Frameworks */ = {isa = PBXBuildFile; productRef = 286288C62BC414A2008EC561 /* JGProgressHUD */; };
		286288CA2BC4173F008EC561 /* Realm in Frameworks */ = {isa = PBXBuildFile; productRef = 286288C92BC4173F008EC561 /* Realm */; };
		286288CC2BC4173F008EC561 /* RealmSwift in Frameworks */ = {isa = PBXBuildFile; productRef = 286288CB2BC4173F008EC561 /* RealmSwift */; };
		286288CF2BC417A1008EC561 /* SDWebImage in Frameworks */ = {isa = PBXBuildFile; productRef = 286288CE2BC417A1008EC561 /* SDWebImage */; };
		286288D12BC417A1008EC561 /* SDWebImageMapKit in Frameworks */ = {isa = PBXBuildFile; productRef = 286288D02BC417A1008EC561 /* SDWebImageMapKit */; };
		286288D42BC41D16008EC561 /* ConversationsViewController.swift in Sources */ = {isa = PBXBuildFile; fileRef = 286288D32BC41D16008EC561 /* ConversationsViewController.swift */; };
		286288D62BC42E0F008EC561 /* ChatViewController.swift in Sources */ = {isa = PBXBuildFile; fileRef = 286288D52BC42E0F008EC561 /* ChatViewController.swift */; };
		28D5462E2C0397640066539E /* NewConversationViewController.swift in Sources */ = {isa = PBXBuildFile; fileRef = 28D5462D2C0397640066539E /* NewConversationViewController.swift */; };
		28D546302C03A9580066539E /* ConversationsViewModel.swift in Sources */ = {isa = PBXBuildFile; fileRef = 28D5462F2C03A9580066539E /* ConversationsViewModel.swift */; };
		28D546342C03AC650066539E /* BookViewController.swift in Sources */ = {isa = PBXBuildFile; fileRef = 28D546332C03AC650066539E /* BookViewController.swift */; };
		28D546372C03C82D0066539E /* EpubReaderLight in Frameworks */ = {isa = PBXBuildFile; productRef = 28D546362C03C82D0066539E /* EpubReaderLight */; };
		28D546392C03CA210066539E /* Geyko Yuriy. Avtolikbez - BooksCafe.Net.epub in Resources */ = {isa = PBXBuildFile; fileRef = 28D546382C03C8450066539E /* Geyko Yuriy. Avtolikbez - BooksCafe.Net.epub */; };
		DDA968312BC310EB0024C983 /* MockViewModels.swift in Sources */ = {isa = PBXBuildFile; fileRef = DDA968302BC310EB0024C983 /* MockViewModels.swift */; };
		DDA968352BC3114D0024C983 /* LoginSnapshotTest.swift in Sources */ = {isa = PBXBuildFile; fileRef = DDA968342BC3114D0024C983 /* LoginSnapshotTest.swift */; };
		DDA968382BC3129C0024C983 /* FirebaseAuth in Frameworks */ = {isa = PBXBuildFile; productRef = DDA968372BC3129C0024C983 /* FirebaseAuth */; };
		DDA9683D2BC313A60024C983 /* SnapshotTesting in Frameworks */ = {isa = PBXBuildFile; productRef = DDA9683C2BC313A60024C983 /* SnapshotTesting */; };
		DDDBC7542BB1507000769AA3 /* SignInViewController.swift in Sources */ = {isa = PBXBuildFile; fileRef = DDDBC7532BB1507000769AA3 /* SignInViewController.swift */; };
		DDDBC7562BB1508400769AA3 /* SignInViewModel.swift in Sources */ = {isa = PBXBuildFile; fileRef = DDDBC7552BB1508400769AA3 /* SignInViewModel.swift */; };
		DDDBC7592BB150A600769AA3 /* SignUpViewController.swift in Sources */ = {isa = PBXBuildFile; fileRef = DDDBC7582BB150A600769AA3 /* SignUpViewController.swift */; };
		DDDBC75B2BB150BC00769AA3 /* SignUpViewModel.swift in Sources */ = {isa = PBXBuildFile; fileRef = DDDBC75A2BB150BC00769AA3 /* SignUpViewModel.swift */; };
		DDDBC7602BB1526000769AA3 /* GoogleService-Info.plist in Resources */ = {isa = PBXBuildFile; fileRef = DDDBC75F2BB1526000769AA3 /* GoogleService-Info.plist */; };
		DDDBC7632BB152C200769AA3 /* FirebaseAuth in Frameworks */ = {isa = PBXBuildFile; productRef = DDDBC7622BB152C200769AA3 /* FirebaseAuth */; };
		FBF1AEB12BB05E700045F9E9 /* AppDelegate.swift in Sources */ = {isa = PBXBuildFile; fileRef = FBF1AEB02BB05E700045F9E9 /* AppDelegate.swift */; };
		FBF1AEB32BB05E700045F9E9 /* SceneDelegate.swift in Sources */ = {isa = PBXBuildFile; fileRef = FBF1AEB22BB05E700045F9E9 /* SceneDelegate.swift */; };
		FBF1AEB52BB05E700045F9E9 /* ViewController.swift in Sources */ = {isa = PBXBuildFile; fileRef = FBF1AEB42BB05E700045F9E9 /* ViewController.swift */; };
		FBF1AEBB2BB05E700045F9E9 /* Project_IOS.xcdatamodeld in Sources */ = {isa = PBXBuildFile; fileRef = FBF1AEB92BB05E700045F9E9 /* Project_IOS.xcdatamodeld */; };
		FBF1AEBD2BB05E730045F9E9 /* Assets.xcassets in Resources */ = {isa = PBXBuildFile; fileRef = FBF1AEBC2BB05E730045F9E9 /* Assets.xcassets */; };
		FBF1AEC02BB05E730045F9E9 /* LaunchScreen.storyboard in Resources */ = {isa = PBXBuildFile; fileRef = FBF1AEBE2BB05E730045F9E9 /* LaunchScreen.storyboard */; };
		FBF1AECB2BB05E730045F9E9 /* Project_IOSTests.swift in Sources */ = {isa = PBXBuildFile; fileRef = FBF1AECA2BB05E730045F9E9 /* Project_IOSTests.swift */; };
		FBF1AED52BB05E730045F9E9 /* Project_IOSUITests.swift in Sources */ = {isa = PBXBuildFile; fileRef = FBF1AED42BB05E730045F9E9 /* Project_IOSUITests.swift */; };
/* End PBXBuildFile section */

/* Begin PBXContainerItemProxy section */
		FBF1AEC72BB05E730045F9E9 /* PBXContainerItemProxy */ = {
			isa = PBXContainerItemProxy;
			containerPortal = FBF1AEA52BB05E700045F9E9 /* Project object */;
			proxyType = 1;
			remoteGlobalIDString = FBF1AEAC2BB05E700045F9E9;
			remoteInfo = Project_IOS;
		};
		FBF1AED12BB05E730045F9E9 /* PBXContainerItemProxy */ = {
			isa = PBXContainerItemProxy;
			containerPortal = FBF1AEA52BB05E700045F9E9 /* Project object */;
			proxyType = 1;
			remoteGlobalIDString = FBF1AEAC2BB05E700045F9E9;
			remoteInfo = Project_IOS;
		};
/* End PBXContainerItemProxy section */

/* Begin PBXFileReference section */
		286288D32BC41D16008EC561 /* ConversationsViewController.swift */ = {isa = PBXFileReference; lastKnownFileType = sourcecode.swift; path = ConversationsViewController.swift; sourceTree = "<group>"; };
		286288D52BC42E0F008EC561 /* ChatViewController.swift */ = {isa = PBXFileReference; lastKnownFileType = sourcecode.swift; path = ChatViewController.swift; sourceTree = "<group>"; };
		28D5462D2C0397640066539E /* NewConversationViewController.swift */ = {isa = PBXFileReference; lastKnownFileType = sourcecode.swift; path = NewConversationViewController.swift; sourceTree = "<group>"; };
		28D5462F2C03A9580066539E /* ConversationsViewModel.swift */ = {isa = PBXFileReference; lastKnownFileType = sourcecode.swift; path = ConversationsViewModel.swift; sourceTree = "<group>"; };
		28D546332C03AC650066539E /* BookViewController.swift */ = {isa = PBXFileReference; lastKnownFileType = sourcecode.swift; path = BookViewController.swift; sourceTree = "<group>"; };
		28D546382C03C8450066539E /* Geyko Yuriy. Avtolikbez - BooksCafe.Net.epub */ = {isa = PBXFileReference; lastKnownFileType = file; path = "Geyko Yuriy. Avtolikbez - BooksCafe.Net.epub"; sourceTree = "<group>"; };
		DDA968302BC310EB0024C983 /* MockViewModels.swift */ = {isa = PBXFileReference; lastKnownFileType = sourcecode.swift; path = MockViewModels.swift; sourceTree = "<group>"; };
		DDA968342BC3114D0024C983 /* LoginSnapshotTest.swift */ = {isa = PBXFileReference; lastKnownFileType = sourcecode.swift; path = LoginSnapshotTest.swift; sourceTree = "<group>"; };
		DDDBC7532BB1507000769AA3 /* SignInViewController.swift */ = {isa = PBXFileReference; lastKnownFileType = sourcecode.swift; path = SignInViewController.swift; sourceTree = "<group>"; };
		DDDBC7552BB1508400769AA3 /* SignInViewModel.swift */ = {isa = PBXFileReference; lastKnownFileType = sourcecode.swift; path = SignInViewModel.swift; sourceTree = "<group>"; };
		DDDBC7582BB150A600769AA3 /* SignUpViewController.swift */ = {isa = PBXFileReference; lastKnownFileType = sourcecode.swift; path = SignUpViewController.swift; sourceTree = "<group>"; };
		DDDBC75A2BB150BC00769AA3 /* SignUpViewModel.swift */ = {isa = PBXFileReference; lastKnownFileType = sourcecode.swift; path = SignUpViewModel.swift; sourceTree = "<group>"; };
		DDDBC75F2BB1526000769AA3 /* GoogleService-Info.plist */ = {isa = PBXFileReference; fileEncoding = 4; lastKnownFileType = text.plist.xml; path = "GoogleService-Info.plist"; sourceTree = "<group>"; };
		FBF1AEAD2BB05E700045F9E9 /* Project_IOS.app */ = {isa = PBXFileReference; explicitFileType = wrapper.application; includeInIndex = 0; path = Project_IOS.app; sourceTree = BUILT_PRODUCTS_DIR; };
		FBF1AEB02BB05E700045F9E9 /* AppDelegate.swift */ = {isa = PBXFileReference; lastKnownFileType = sourcecode.swift; path = AppDelegate.swift; sourceTree = "<group>"; };
		FBF1AEB22BB05E700045F9E9 /* SceneDelegate.swift */ = {isa = PBXFileReference; lastKnownFileType = sourcecode.swift; path = SceneDelegate.swift; sourceTree = "<group>"; };
		FBF1AEB42BB05E700045F9E9 /* ViewController.swift */ = {isa = PBXFileReference; lastKnownFileType = sourcecode.swift; path = ViewController.swift; sourceTree = "<group>"; };
		FBF1AEBA2BB05E700045F9E9 /* Project_IOS.xcdatamodel */ = {isa = PBXFileReference; lastKnownFileType = wrapper.xcdatamodel; path = Project_IOS.xcdatamodel; sourceTree = "<group>"; };
		FBF1AEBC2BB05E730045F9E9 /* Assets.xcassets */ = {isa = PBXFileReference; lastKnownFileType = folder.assetcatalog; path = Assets.xcassets; sourceTree = "<group>"; };
		FBF1AEBF2BB05E730045F9E9 /* Base */ = {isa = PBXFileReference; lastKnownFileType = file.storyboard; name = Base; path = Base.lproj/LaunchScreen.storyboard; sourceTree = "<group>"; };
		FBF1AEC12BB05E730045F9E9 /* Info.plist */ = {isa = PBXFileReference; lastKnownFileType = text.plist.xml; path = Info.plist; sourceTree = "<group>"; };
		FBF1AEC62BB05E730045F9E9 /* Project_IOSTests.xctest */ = {isa = PBXFileReference; explicitFileType = wrapper.cfbundle; includeInIndex = 0; path = Project_IOSTests.xctest; sourceTree = BUILT_PRODUCTS_DIR; };
		FBF1AECA2BB05E730045F9E9 /* Project_IOSTests.swift */ = {isa = PBXFileReference; lastKnownFileType = sourcecode.swift; path = Project_IOSTests.swift; sourceTree = "<group>"; };
		FBF1AED02BB05E730045F9E9 /* Project_IOSUITests.xctest */ = {isa = PBXFileReference; explicitFileType = wrapper.cfbundle; includeInIndex = 0; path = Project_IOSUITests.xctest; sourceTree = BUILT_PRODUCTS_DIR; };
		FBF1AED42BB05E730045F9E9 /* Project_IOSUITests.swift */ = {isa = PBXFileReference; lastKnownFileType = sourcecode.swift; path = Project_IOSUITests.swift; sourceTree = "<group>"; };
/* End PBXFileReference section */

/* Begin PBXFrameworksBuildPhase section */
		FBF1AEAA2BB05E700045F9E9 /* Frameworks */ = {
			isa = PBXFrameworksBuildPhase;
			buildActionMask = 2147483647;
			files = (
				286288CF2BC417A1008EC561 /* SDWebImage in Frameworks */,
				DDDBC7632BB152C200769AA3 /* FirebaseAuth in Frameworks */,
				286288C72BC414A2008EC561 /* JGProgressHUD in Frameworks */,
				286288CA2BC4173F008EC561 /* Realm in Frameworks */,
				286288CC2BC4173F008EC561 /* RealmSwift in Frameworks */,
				286288D12BC417A1008EC561 /* SDWebImageMapKit in Frameworks */,
				28D546372C03C82D0066539E /* EpubReaderLight in Frameworks */,
				286288C42BC412C6008EC561 /* MessageKit in Frameworks */,
			);
			runOnlyForDeploymentPostprocessing = 0;
		};
		FBF1AEC32BB05E730045F9E9 /* Frameworks */ = {
			isa = PBXFrameworksBuildPhase;
			buildActionMask = 2147483647;
			files = (
				DDA968382BC3129C0024C983 /* FirebaseAuth in Frameworks */,
				DDA9683D2BC313A60024C983 /* SnapshotTesting in Frameworks */,
			);
			runOnlyForDeploymentPostprocessing = 0;
		};
		FBF1AECD2BB05E730045F9E9 /* Frameworks */ = {
			isa = PBXFrameworksBuildPhase;
			buildActionMask = 2147483647;
			files = (
			);
			runOnlyForDeploymentPostprocessing = 0;
		};
/* End PBXFrameworksBuildPhase section */

/* Begin PBXGroup section */
		286288D22BC41BE7008EC561 /* Conversation */ = {
			isa = PBXGroup;
			children = (
				28D546382C03C8450066539E /* Geyko Yuriy. Avtolikbez - BooksCafe.Net.epub */,
				286288D32BC41D16008EC561 /* ConversationsViewController.swift */,
				28D5462F2C03A9580066539E /* ConversationsViewModel.swift */,
				286288D52BC42E0F008EC561 /* ChatViewController.swift */,
				28D5462D2C0397640066539E /* NewConversationViewController.swift */,
				28D546332C03AC650066539E /* BookViewController.swift */,
			);
			path = Conversation;
			sourceTree = "<group>";
		};
		DDA968362BC3129C0024C983 /* Frameworks */ = {
			isa = PBXGroup;
			children = (
			);
			name = Frameworks;
			sourceTree = "<group>";
		};
		DDDBC7572BB1508C00769AA3 /* Sign In */ = {
			isa = PBXGroup;
			children = (
				DDDBC7532BB1507000769AA3 /* SignInViewController.swift */,
				DDDBC7552BB1508400769AA3 /* SignInViewModel.swift */,
			);
			path = "Sign In";
			sourceTree = "<group>";
		};
		DDDBC75C2BB150C200769AA3 /* Sign Up */ = {
			isa = PBXGroup;
			children = (
				DDDBC7582BB150A600769AA3 /* SignUpViewController.swift */,
				DDDBC75A2BB150BC00769AA3 /* SignUpViewModel.swift */,
			);
			path = "Sign Up";
			sourceTree = "<group>";
		};
		FBF1AEA42BB05E700045F9E9 = {
			isa = PBXGroup;
			children = (
				FBF1AEAF2BB05E700045F9E9 /* Project_IOS */,
				FBF1AEC92BB05E730045F9E9 /* Project_IOSTests */,
				FBF1AED32BB05E730045F9E9 /* Project_IOSUITests */,
				FBF1AEAE2BB05E700045F9E9 /* Products */,
				DDA968362BC3129C0024C983 /* Frameworks */,
			);
			sourceTree = "<group>";
		};
		FBF1AEAE2BB05E700045F9E9 /* Products */ = {
			isa = PBXGroup;
			children = (
				FBF1AEAD2BB05E700045F9E9 /* Project_IOS.app */,
				FBF1AEC62BB05E730045F9E9 /* Project_IOSTests.xctest */,
				FBF1AED02BB05E730045F9E9 /* Project_IOSUITests.xctest */,
			);
			name = Products;
			sourceTree = "<group>";
		};
		FBF1AEAF2BB05E700045F9E9 /* Project_IOS */ = {
			isa = PBXGroup;
			children = (
				FBF1AEB02BB05E700045F9E9 /* AppDelegate.swift */,
				FBF1AEB22BB05E700045F9E9 /* SceneDelegate.swift */,
				FBF1AEB42BB05E700045F9E9 /* ViewController.swift */,
				FBF1AEBC2BB05E730045F9E9 /* Assets.xcassets */,
				FBF1AEBE2BB05E730045F9E9 /* LaunchScreen.storyboard */,
				FBF1AEC12BB05E730045F9E9 /* Info.plist */,
				DDDBC75F2BB1526000769AA3 /* GoogleService-Info.plist */,
				FBF1AEB92BB05E700045F9E9 /* Project_IOS.xcdatamodeld */,
				286288D22BC41BE7008EC561 /* Conversation */,
				DDDBC7572BB1508C00769AA3 /* Sign In */,
				DDDBC75C2BB150C200769AA3 /* Sign Up */,
			);
			path = Project_IOS;
			sourceTree = "<group>";
		};
		FBF1AEC92BB05E730045F9E9 /* Project_IOSTests */ = {
			isa = PBXGroup;
			children = (
				FBF1AECA2BB05E730045F9E9 /* Project_IOSTests.swift */,
				DDA968302BC310EB0024C983 /* MockViewModels.swift */,
				DDA968342BC3114D0024C983 /* LoginSnapshotTest.swift */,
			);
			path = Project_IOSTests;
			sourceTree = "<group>";
		};
		FBF1AED32BB05E730045F9E9 /* Project_IOSUITests */ = {
			isa = PBXGroup;
			children = (
				FBF1AED42BB05E730045F9E9 /* Project_IOSUITests.swift */,
			);
			path = Project_IOSUITests;
			sourceTree = "<group>";
		};
/* End PBXGroup section */

/* Begin PBXNativeTarget section */
		FBF1AEAC2BB05E700045F9E9 /* Project_IOS */ = {
			isa = PBXNativeTarget;
			buildConfigurationList = FBF1AEDA2BB05E730045F9E9 /* Build configuration list for PBXNativeTarget "Project_IOS" */;
			buildPhases = (
				FBF1AEA92BB05E700045F9E9 /* Sources */,
				FBF1AEAA2BB05E700045F9E9 /* Frameworks */,
				FBF1AEAB2BB05E700045F9E9 /* Resources */,
			);
			buildRules = (
			);
			dependencies = (
			);
			name = Project_IOS;
			packageProductDependencies = (
				DDDBC7622BB152C200769AA3 /* FirebaseAuth */,
				286288C32BC412C6008EC561 /* MessageKit */,
				286288C62BC414A2008EC561 /* JGProgressHUD */,
				286288C92BC4173F008EC561 /* Realm */,
				286288CB2BC4173F008EC561 /* RealmSwift */,
				286288CE2BC417A1008EC561 /* SDWebImage */,
				286288D02BC417A1008EC561 /* SDWebImageMapKit */,
				28D546362C03C82D0066539E /* EpubReaderLight */,
			);
			productName = Project_IOS;
			productReference = FBF1AEAD2BB05E700045F9E9 /* Project_IOS.app */;
			productType = "com.apple.product-type.application";
		};
		FBF1AEC52BB05E730045F9E9 /* Project_IOSTests */ = {
			isa = PBXNativeTarget;
			buildConfigurationList = FBF1AEDD2BB05E730045F9E9 /* Build configuration list for PBXNativeTarget "Project_IOSTests" */;
			buildPhases = (
				FBF1AEC22BB05E730045F9E9 /* Sources */,
				FBF1AEC32BB05E730045F9E9 /* Frameworks */,
				FBF1AEC42BB05E730045F9E9 /* Resources */,
			);
			buildRules = (
			);
			dependencies = (
				FBF1AEC82BB05E730045F9E9 /* PBXTargetDependency */,
			);
			name = Project_IOSTests;
			packageProductDependencies = (
				DDA968372BC3129C0024C983 /* FirebaseAuth */,
				DDA9683C2BC313A60024C983 /* SnapshotTesting */,
			);
			productName = Project_IOSTests;
			productReference = FBF1AEC62BB05E730045F9E9 /* Project_IOSTests.xctest */;
			productType = "com.apple.product-type.bundle.unit-test";
		};
		FBF1AECF2BB05E730045F9E9 /* Project_IOSUITests */ = {
			isa = PBXNativeTarget;
			buildConfigurationList = FBF1AEE02BB05E730045F9E9 /* Build configuration list for PBXNativeTarget "Project_IOSUITests" */;
			buildPhases = (
				FBF1AECC2BB05E730045F9E9 /* Sources */,
				FBF1AECD2BB05E730045F9E9 /* Frameworks */,
				FBF1AECE2BB05E730045F9E9 /* Resources */,
			);
			buildRules = (
			);
			dependencies = (
				FBF1AED22BB05E730045F9E9 /* PBXTargetDependency */,
			);
			name = Project_IOSUITests;
			productName = Project_IOSUITests;
			productReference = FBF1AED02BB05E730045F9E9 /* Project_IOSUITests.xctest */;
			productType = "com.apple.product-type.bundle.ui-testing";
		};
/* End PBXNativeTarget section */

/* Begin PBXProject section */
		FBF1AEA52BB05E700045F9E9 /* Project object */ = {
			isa = PBXProject;
			attributes = {
				BuildIndependentTargetsInParallel = 1;
				LastSwiftUpdateCheck = 1420;
				LastUpgradeCheck = 1420;
				TargetAttributes = {
					FBF1AEAC2BB05E700045F9E9 = {
						CreatedOnToolsVersion = 14.2;
					};
					FBF1AEC52BB05E730045F9E9 = {
						CreatedOnToolsVersion = 14.2;
						TestTargetID = FBF1AEAC2BB05E700045F9E9;
					};
					FBF1AECF2BB05E730045F9E9 = {
						CreatedOnToolsVersion = 14.2;
						TestTargetID = FBF1AEAC2BB05E700045F9E9;
					};
				};
			};
			buildConfigurationList = FBF1AEA82BB05E700045F9E9 /* Build configuration list for PBXProject "Project_IOS" */;
			compatibilityVersion = "Xcode 14.0";
			developmentRegion = en;
			hasScannedForEncodings = 0;
			knownRegions = (
				en,
				Base,
			);
			mainGroup = FBF1AEA42BB05E700045F9E9;
			packageReferences = (
				DDDBC7612BB152C200769AA3 /* XCRemoteSwiftPackageReference "firebase-ios-sdk" */,
				DDA9683B2BC313A60024C983 /* XCRemoteSwiftPackageReference "swift-snapshot-testing" */,
				286288C22BC412C6008EC561 /* XCRemoteSwiftPackageReference "MessageKit" */,
				286288C52BC414A2008EC561 /* XCRemoteSwiftPackageReference "JGProgressHUD" */,
				286288C82BC4173F008EC561 /* XCRemoteSwiftPackageReference "realm-swift" */,
				286288CD2BC417A1008EC561 /* XCRemoteSwiftPackageReference "SDWebImage" */,
				28D546352C03C82D0066539E /* XCRemoteSwiftPackageReference "epub-reader-light" */,
			);
			productRefGroup = FBF1AEAE2BB05E700045F9E9 /* Products */;
			projectDirPath = "";
			projectRoot = "";
			targets = (
				FBF1AEAC2BB05E700045F9E9 /* Project_IOS */,
				FBF1AEC52BB05E730045F9E9 /* Project_IOSTests */,
				FBF1AECF2BB05E730045F9E9 /* Project_IOSUITests */,
			);
		};
/* End PBXProject section */

/* Begin PBXResourcesBuildPhase section */
		FBF1AEAB2BB05E700045F9E9 /* Resources */ = {
			isa = PBXResourcesBuildPhase;
			buildActionMask = 2147483647;
			files = (
				28D546392C03CA210066539E /* Geyko Yuriy. Avtolikbez - BooksCafe.Net.epub in Resources */,
				FBF1AEC02BB05E730045F9E9 /* LaunchScreen.storyboard in Resources */,
				FBF1AEBD2BB05E730045F9E9 /* Assets.xcassets in Resources */,
				DDDBC7602BB1526000769AA3 /* GoogleService-Info.plist in Resources */,
			);
			runOnlyForDeploymentPostprocessing = 0;
		};
		FBF1AEC42BB05E730045F9E9 /* Resources */ = {
			isa = PBXResourcesBuildPhase;
			buildActionMask = 2147483647;
			files = (
			);
			runOnlyForDeploymentPostprocessing = 0;
		};
		FBF1AECE2BB05E730045F9E9 /* Resources */ = {
			isa = PBXResourcesBuildPhase;
			buildActionMask = 2147483647;
			files = (
			);
			runOnlyForDeploymentPostprocessing = 0;
		};
/* End PBXResourcesBuildPhase section */

/* Begin PBXSourcesBuildPhase section */
		FBF1AEA92BB05E700045F9E9 /* Sources */ = {
			isa = PBXSourcesBuildPhase;
			buildActionMask = 2147483647;
			files = (
				FBF1AEB52BB05E700045F9E9 /* ViewController.swift in Sources */,
				DDDBC7592BB150A600769AA3 /* SignUpViewController.swift in Sources */,
				DDDBC75B2BB150BC00769AA3 /* SignUpViewModel.swift in Sources */,
				FBF1AEBB2BB05E700045F9E9 /* Project_IOS.xcdatamodeld in Sources */,
				DDDBC7562BB1508400769AA3 /* SignInViewModel.swift in Sources */,
				28D5462E2C0397640066539E /* NewConversationViewController.swift in Sources */,
				FBF1AEB12BB05E700045F9E9 /* AppDelegate.swift in Sources */,
				286288D42BC41D16008EC561 /* ConversationsViewController.swift in Sources */,
				DDDBC7542BB1507000769AA3 /* SignInViewController.swift in Sources */,
				28D546342C03AC650066539E /* BookViewController.swift in Sources */,
				28D546302C03A9580066539E /* ConversationsViewModel.swift in Sources */,
				286288D62BC42E0F008EC561 /* ChatViewController.swift in Sources */,
				FBF1AEB32BB05E700045F9E9 /* SceneDelegate.swift in Sources */,
			);
			runOnlyForDeploymentPostprocessing = 0;
		};
		FBF1AEC22BB05E730045F9E9 /* Sources */ = {
			isa = PBXSourcesBuildPhase;
			buildActionMask = 2147483647;
			files = (
				DDA968312BC310EB0024C983 /* MockViewModels.swift in Sources */,
				FBF1AECB2BB05E730045F9E9 /* Project_IOSTests.swift in Sources */,
				DDA968352BC3114D0024C983 /* LoginSnapshotTest.swift in Sources */,
			);
			runOnlyForDeploymentPostprocessing = 0;
		};
		FBF1AECC2BB05E730045F9E9 /* Sources */ = {
			isa = PBXSourcesBuildPhase;
			buildActionMask = 2147483647;
			files = (
				FBF1AED52BB05E730045F9E9 /* Project_IOSUITests.swift in Sources */,
			);
			runOnlyForDeploymentPostprocessing = 0;
		};
/* End PBXSourcesBuildPhase section */

/* Begin PBXTargetDependency section */
		FBF1AEC82BB05E730045F9E9 /* PBXTargetDependency */ = {
			isa = PBXTargetDependency;
			target = FBF1AEAC2BB05E700045F9E9 /* Project_IOS */;
			targetProxy = FBF1AEC72BB05E730045F9E9 /* PBXContainerItemProxy */;
		};
		FBF1AED22BB05E730045F9E9 /* PBXTargetDependency */ = {
			isa = PBXTargetDependency;
			target = FBF1AEAC2BB05E700045F9E9 /* Project_IOS */;
			targetProxy = FBF1AED12BB05E730045F9E9 /* PBXContainerItemProxy */;
		};
/* End PBXTargetDependency section */

/* Begin PBXVariantGroup section */
		FBF1AEBE2BB05E730045F9E9 /* LaunchScreen.storyboard */ = {
			isa = PBXVariantGroup;
			children = (
				FBF1AEBF2BB05E730045F9E9 /* Base */,
			);
			name = LaunchScreen.storyboard;
			sourceTree = "<group>";
		};
/* End PBXVariantGroup section */

/* Begin XCBuildConfiguration section */
		FBF1AED82BB05E730045F9E9 /* Debug */ = {
			isa = XCBuildConfiguration;
			buildSettings = {
				ALWAYS_SEARCH_USER_PATHS = NO;
				CLANG_ANALYZER_NONNULL = YES;
				CLANG_ANALYZER_NUMBER_OBJECT_CONVERSION = YES_AGGRESSIVE;
				CLANG_CXX_LANGUAGE_STANDARD = "gnu++20";
				CLANG_ENABLE_MODULES = YES;
				CLANG_ENABLE_OBJC_ARC = YES;
				CLANG_ENABLE_OBJC_WEAK = YES;
				CLANG_WARN_BLOCK_CAPTURE_AUTORELEASING = YES;
				CLANG_WARN_BOOL_CONVERSION = YES;
				CLANG_WARN_COMMA = YES;
				CLANG_WARN_CONSTANT_CONVERSION = YES;
				CLANG_WARN_DEPRECATED_OBJC_IMPLEMENTATIONS = YES;
				CLANG_WARN_DIRECT_OBJC_ISA_USAGE = YES_ERROR;
				CLANG_WARN_DOCUMENTATION_COMMENTS = YES;
				CLANG_WARN_EMPTY_BODY = YES;
				CLANG_WARN_ENUM_CONVERSION = YES;
				CLANG_WARN_INFINITE_RECURSION = YES;
				CLANG_WARN_INT_CONVERSION = YES;
				CLANG_WARN_NON_LITERAL_NULL_CONVERSION = YES;
				CLANG_WARN_OBJC_IMPLICIT_RETAIN_SELF = YES;
				CLANG_WARN_OBJC_LITERAL_CONVERSION = YES;
				CLANG_WARN_OBJC_ROOT_CLASS = YES_ERROR;
				CLANG_WARN_QUOTED_INCLUDE_IN_FRAMEWORK_HEADER = YES;
				CLANG_WARN_RANGE_LOOP_ANALYSIS = YES;
				CLANG_WARN_STRICT_PROTOTYPES = YES;
				CLANG_WARN_SUSPICIOUS_MOVE = YES;
				CLANG_WARN_UNGUARDED_AVAILABILITY = YES_AGGRESSIVE;
				CLANG_WARN_UNREACHABLE_CODE = YES;
				CLANG_WARN__DUPLICATE_METHOD_MATCH = YES;
				COPY_PHASE_STRIP = NO;
				DEBUG_INFORMATION_FORMAT = dwarf;
				ENABLE_STRICT_OBJC_MSGSEND = YES;
				ENABLE_TESTABILITY = YES;
				GCC_C_LANGUAGE_STANDARD = gnu11;
				GCC_DYNAMIC_NO_PIC = NO;
				GCC_NO_COMMON_BLOCKS = YES;
				GCC_OPTIMIZATION_LEVEL = 0;
				GCC_PREPROCESSOR_DEFINITIONS = (
					"DEBUG=1",
					"$(inherited)",
				);
				GCC_WARN_64_TO_32_BIT_CONVERSION = YES;
				GCC_WARN_ABOUT_RETURN_TYPE = YES_ERROR;
				GCC_WARN_UNDECLARED_SELECTOR = YES;
				GCC_WARN_UNINITIALIZED_AUTOS = YES_AGGRESSIVE;
				GCC_WARN_UNUSED_FUNCTION = YES;
				GCC_WARN_UNUSED_VARIABLE = YES;
				IPHONEOS_DEPLOYMENT_TARGET = 16.2;
				MTL_ENABLE_DEBUG_INFO = INCLUDE_SOURCE;
				MTL_FAST_MATH = YES;
				ONLY_ACTIVE_ARCH = YES;
				SDKROOT = iphoneos;
				SWIFT_ACTIVE_COMPILATION_CONDITIONS = DEBUG;
				SWIFT_OPTIMIZATION_LEVEL = "-Onone";
			};
			name = Debug;
		};
		FBF1AED92BB05E730045F9E9 /* Release */ = {
			isa = XCBuildConfiguration;
			buildSettings = {
				ALWAYS_SEARCH_USER_PATHS = NO;
				CLANG_ANALYZER_NONNULL = YES;
				CLANG_ANALYZER_NUMBER_OBJECT_CONVERSION = YES_AGGRESSIVE;
				CLANG_CXX_LANGUAGE_STANDARD = "gnu++20";
				CLANG_ENABLE_MODULES = YES;
				CLANG_ENABLE_OBJC_ARC = YES;
				CLANG_ENABLE_OBJC_WEAK = YES;
				CLANG_WARN_BLOCK_CAPTURE_AUTORELEASING = YES;
				CLANG_WARN_BOOL_CONVERSION = YES;
				CLANG_WARN_COMMA = YES;
				CLANG_WARN_CONSTANT_CONVERSION = YES;
				CLANG_WARN_DEPRECATED_OBJC_IMPLEMENTATIONS = YES;
				CLANG_WARN_DIRECT_OBJC_ISA_USAGE = YES_ERROR;
				CLANG_WARN_DOCUMENTATION_COMMENTS = YES;
				CLANG_WARN_EMPTY_BODY = YES;
				CLANG_WARN_ENUM_CONVERSION = YES;
				CLANG_WARN_INFINITE_RECURSION = YES;
				CLANG_WARN_INT_CONVERSION = YES;
				CLANG_WARN_NON_LITERAL_NULL_CONVERSION = YES;
				CLANG_WARN_OBJC_IMPLICIT_RETAIN_SELF = YES;
				CLANG_WARN_OBJC_LITERAL_CONVERSION = YES;
				CLANG_WARN_OBJC_ROOT_CLASS = YES_ERROR;
				CLANG_WARN_QUOTED_INCLUDE_IN_FRAMEWORK_HEADER = YES;
				CLANG_WARN_RANGE_LOOP_ANALYSIS = YES;
				CLANG_WARN_STRICT_PROTOTYPES = YES;
				CLANG_WARN_SUSPICIOUS_MOVE = YES;
				CLANG_WARN_UNGUARDED_AVAILABILITY = YES_AGGRESSIVE;
				CLANG_WARN_UNREACHABLE_CODE = YES;
				CLANG_WARN__DUPLICATE_METHOD_MATCH = YES;
				COPY_PHASE_STRIP = NO;
				DEBUG_INFORMATION_FORMAT = "dwarf-with-dsym";
				ENABLE_NS_ASSERTIONS = NO;
				ENABLE_STRICT_OBJC_MSGSEND = YES;
				GCC_C_LANGUAGE_STANDARD = gnu11;
				GCC_NO_COMMON_BLOCKS = YES;
				GCC_WARN_64_TO_32_BIT_CONVERSION = YES;
				GCC_WARN_ABOUT_RETURN_TYPE = YES_ERROR;
				GCC_WARN_UNDECLARED_SELECTOR = YES;
				GCC_WARN_UNINITIALIZED_AUTOS = YES_AGGRESSIVE;
				GCC_WARN_UNUSED_FUNCTION = YES;
				GCC_WARN_UNUSED_VARIABLE = YES;
				IPHONEOS_DEPLOYMENT_TARGET = 16.2;
				MTL_ENABLE_DEBUG_INFO = NO;
				MTL_FAST_MATH = YES;
				SDKROOT = iphoneos;
				SWIFT_COMPILATION_MODE = wholemodule;
				SWIFT_OPTIMIZATION_LEVEL = "-O";
				VALIDATE_PRODUCT = YES;
			};
			name = Release;
		};
		FBF1AEDB2BB05E730045F9E9 /* Debug */ = {
			isa = XCBuildConfiguration;
			buildSettings = {
				ASSETCATALOG_COMPILER_APPICON_NAME = AppIcon;
				ASSETCATALOG_COMPILER_GLOBAL_ACCENT_COLOR_NAME = AccentColor;
				CODE_SIGN_STYLE = Automatic;
				CURRENT_PROJECT_VERSION = 1;
				DEVELOPMENT_TEAM = 4T3QDV4YTS;
				GENERATE_INFOPLIST_FILE = YES;
				INFOPLIST_FILE = Project_IOS/Info.plist;
				INFOPLIST_KEY_UIApplicationSupportsIndirectInputEvents = YES;
				INFOPLIST_KEY_UILaunchStoryboardName = LaunchScreen;
				INFOPLIST_KEY_UISupportedInterfaceOrientations_iPad = "UIInterfaceOrientationPortrait UIInterfaceOrientationPortraitUpsideDown UIInterfaceOrientationLandscapeLeft UIInterfaceOrientationLandscapeRight";
				INFOPLIST_KEY_UISupportedInterfaceOrientations_iPhone = "UIInterfaceOrientationPortrait UIInterfaceOrientationLandscapeLeft UIInterfaceOrientationLandscapeRight";
				LD_RUNPATH_SEARCH_PATHS = (
					"$(inherited)",
					"@executable_path/Frameworks",
				);
				MARKETING_VERSION = 1.0;
				PRODUCT_BUNDLE_IDENTIFIER = "ru.kpfu.skvortsova.Project-IOS";
				PRODUCT_NAME = "$(TARGET_NAME)";
				SWIFT_EMIT_LOC_STRINGS = YES;
				SWIFT_VERSION = 5.0;
				TARGETED_DEVICE_FAMILY = "1,2";
			};
			name = Debug;
		};
		FBF1AEDC2BB05E730045F9E9 /* Release */ = {
			isa = XCBuildConfiguration;
			buildSettings = {
				ASSETCATALOG_COMPILER_APPICON_NAME = AppIcon;
				ASSETCATALOG_COMPILER_GLOBAL_ACCENT_COLOR_NAME = AccentColor;
				CODE_SIGN_STYLE = Automatic;
				CURRENT_PROJECT_VERSION = 1;
				DEVELOPMENT_TEAM = 4T3QDV4YTS;
				GENERATE_INFOPLIST_FILE = YES;
				INFOPLIST_FILE = Project_IOS/Info.plist;
				INFOPLIST_KEY_UIApplicationSupportsIndirectInputEvents = YES;
				INFOPLIST_KEY_UILaunchStoryboardName = LaunchScreen;
				INFOPLIST_KEY_UISupportedInterfaceOrientations_iPad = "UIInterfaceOrientationPortrait UIInterfaceOrientationPortraitUpsideDown UIInterfaceOrientationLandscapeLeft UIInterfaceOrientationLandscapeRight";
				INFOPLIST_KEY_UISupportedInterfaceOrientations_iPhone = "UIInterfaceOrientationPortrait UIInterfaceOrientationLandscapeLeft UIInterfaceOrientationLandscapeRight";
				LD_RUNPATH_SEARCH_PATHS = (
					"$(inherited)",
					"@executable_path/Frameworks",
				);
				MARKETING_VERSION = 1.0;
				PRODUCT_BUNDLE_IDENTIFIER = "ru.kpfu.skvortsova.Project-IOS";
				PRODUCT_NAME = "$(TARGET_NAME)";
				SWIFT_EMIT_LOC_STRINGS = YES;
				SWIFT_VERSION = 5.0;
				TARGETED_DEVICE_FAMILY = "1,2";
			};
			name = Release;
		};
		FBF1AEDE2BB05E730045F9E9 /* Debug */ = {
			isa = XCBuildConfiguration;
			buildSettings = {
				ALWAYS_EMBED_SWIFT_STANDARD_LIBRARIES = YES;
				BUNDLE_LOADER = "$(TEST_HOST)";
				CODE_SIGN_STYLE = Automatic;
				CURRENT_PROJECT_VERSION = 1;
				DEVELOPMENT_TEAM = 4T3QDV4YTS;
				GENERATE_INFOPLIST_FILE = YES;
				IPHONEOS_DEPLOYMENT_TARGET = 16.2;
				MARKETING_VERSION = 1.0;
				PRODUCT_BUNDLE_IDENTIFIER = "ru.kpfu.skvortsova.Project-IOSTests";
				PRODUCT_NAME = "$(TARGET_NAME)";
				SWIFT_EMIT_LOC_STRINGS = NO;
				SWIFT_VERSION = 5.0;
				TARGETED_DEVICE_FAMILY = "1,2";
				TEST_HOST = "$(BUILT_PRODUCTS_DIR)/Project_IOS.app/$(BUNDLE_EXECUTABLE_FOLDER_PATH)/Project_IOS";
			};
			name = Debug;
		};
		FBF1AEDF2BB05E730045F9E9 /* Release */ = {
			isa = XCBuildConfiguration;
			buildSettings = {
				ALWAYS_EMBED_SWIFT_STANDARD_LIBRARIES = YES;
				BUNDLE_LOADER = "$(TEST_HOST)";
				CODE_SIGN_STYLE = Automatic;
				CURRENT_PROJECT_VERSION = 1;
				DEVELOPMENT_TEAM = 4T3QDV4YTS;
				GENERATE_INFOPLIST_FILE = YES;
				IPHONEOS_DEPLOYMENT_TARGET = 16.2;
				MARKETING_VERSION = 1.0;
				PRODUCT_BUNDLE_IDENTIFIER = "ru.kpfu.skvortsova.Project-IOSTests";
				PRODUCT_NAME = "$(TARGET_NAME)";
				SWIFT_EMIT_LOC_STRINGS = NO;
				SWIFT_VERSION = 5.0;
				TARGETED_DEVICE_FAMILY = "1,2";
				TEST_HOST = "$(BUILT_PRODUCTS_DIR)/Project_IOS.app/$(BUNDLE_EXECUTABLE_FOLDER_PATH)/Project_IOS";
			};
			name = Release;
		};
		FBF1AEE12BB05E730045F9E9 /* Debug */ = {
			isa = XCBuildConfiguration;
			buildSettings = {
				ALWAYS_EMBED_SWIFT_STANDARD_LIBRARIES = YES;
				CODE_SIGN_STYLE = Automatic;
				CURRENT_PROJECT_VERSION = 1;
				DEVELOPMENT_TEAM = 4T3QDV4YTS;
				GENERATE_INFOPLIST_FILE = YES;
				MARKETING_VERSION = 1.0;
				PRODUCT_BUNDLE_IDENTIFIER = "ru.kpfu.skvortsova.Project-IOSUITests";
				PRODUCT_NAME = "$(TARGET_NAME)";
				SWIFT_EMIT_LOC_STRINGS = NO;
				SWIFT_VERSION = 5.0;
				TARGETED_DEVICE_FAMILY = "1,2";
				TEST_TARGET_NAME = Project_IOS;
			};
			name = Debug;
		};
		FBF1AEE22BB05E730045F9E9 /* Release */ = {
			isa = XCBuildConfiguration;
			buildSettings = {
				ALWAYS_EMBED_SWIFT_STANDARD_LIBRARIES = YES;
				CODE_SIGN_STYLE = Automatic;
				CURRENT_PROJECT_VERSION = 1;
				DEVELOPMENT_TEAM = 4T3QDV4YTS;
				GENERATE_INFOPLIST_FILE = YES;
				MARKETING_VERSION = 1.0;
				PRODUCT_BUNDLE_IDENTIFIER = "ru.kpfu.skvortsova.Project-IOSUITests";
				PRODUCT_NAME = "$(TARGET_NAME)";
				SWIFT_EMIT_LOC_STRINGS = NO;
				SWIFT_VERSION = 5.0;
				TARGETED_DEVICE_FAMILY = "1,2";
				TEST_TARGET_NAME = Project_IOS;
			};
			name = Release;
		};
/* End XCBuildConfiguration section */

/* Begin XCConfigurationList section */
		FBF1AEA82BB05E700045F9E9 /* Build configuration list for PBXProject "Project_IOS" */ = {
			isa = XCConfigurationList;
			buildConfigurations = (
				FBF1AED82BB05E730045F9E9 /* Debug */,
				FBF1AED92BB05E730045F9E9 /* Release */,
			);
			defaultConfigurationIsVisible = 0;
			defaultConfigurationName = Release;
		};
		FBF1AEDA2BB05E730045F9E9 /* Build configuration list for PBXNativeTarget "Project_IOS" */ = {
			isa = XCConfigurationList;
			buildConfigurations = (
				FBF1AEDB2BB05E730045F9E9 /* Debug */,
				FBF1AEDC2BB05E730045F9E9 /* Release */,
			);
			defaultConfigurationIsVisible = 0;
			defaultConfigurationName = Release;
		};
		FBF1AEDD2BB05E730045F9E9 /* Build configuration list for PBXNativeTarget "Project_IOSTests" */ = {
			isa = XCConfigurationList;
			buildConfigurations = (
				FBF1AEDE2BB05E730045F9E9 /* Debug */,
				FBF1AEDF2BB05E730045F9E9 /* Release */,
			);
			defaultConfigurationIsVisible = 0;
			defaultConfigurationName = Release;
		};
		FBF1AEE02BB05E730045F9E9 /* Build configuration list for PBXNativeTarget "Project_IOSUITests" */ = {
			isa = XCConfigurationList;
			buildConfigurations = (
				FBF1AEE12BB05E730045F9E9 /* Debug */,
				FBF1AEE22BB05E730045F9E9 /* Release */,
			);
			defaultConfigurationIsVisible = 0;
			defaultConfigurationName = Release;
		};
/* End XCConfigurationList section */

/* Begin XCRemoteSwiftPackageReference section */
		286288C22BC412C6008EC561 /* XCRemoteSwiftPackageReference "MessageKit" */ = {
			isa = XCRemoteSwiftPackageReference;
			repositoryURL = "https://github.com/MessageKit/MessageKit";
			requirement = {
				kind = upToNextMajorVersion;
				minimumVersion = 4.2.0;
			};
		};
		286288C52BC414A2008EC561 /* XCRemoteSwiftPackageReference "JGProgressHUD" */ = {
			isa = XCRemoteSwiftPackageReference;
			repositoryURL = "https://github.com/JonasGessner/JGProgressHUD.git";
			requirement = {
				kind = upToNextMajorVersion;
				minimumVersion = 2.2.0;
			};
		};
		286288C82BC4173F008EC561 /* XCRemoteSwiftPackageReference "realm-swift" */ = {
			isa = XCRemoteSwiftPackageReference;
			repositoryURL = "https://github.com/realm/realm-swift.git";
			requirement = {
				branch = master;
				kind = branch;
			};
		};
		286288CD2BC417A1008EC561 /* XCRemoteSwiftPackageReference "SDWebImage" */ = {
			isa = XCRemoteSwiftPackageReference;
			repositoryURL = "https://github.com/SDWebImage/SDWebImage.git";
			requirement = {
				kind = upToNextMajorVersion;
				minimumVersion = 5.19.1;
			};
		};
		28D546352C03C82D0066539E /* XCRemoteSwiftPackageReference "epub-reader-light" */ = {
			isa = XCRemoteSwiftPackageReference;
			repositoryURL = "https://github.com/pichukov/epub-reader-light.git";
			requirement = {
				kind = upToNextMajorVersion;
				minimumVersion = 0.1.0;
			};
		};
		DDA9683B2BC313A60024C983 /* XCRemoteSwiftPackageReference "swift-snapshot-testing" */ = {
			isa = XCRemoteSwiftPackageReference;
			repositoryURL = "https://github.com/pointfreeco/swift-snapshot-testing";
			requirement = {
				kind = upToNextMajorVersion;
				minimumVersion = 1.0.0;
			};
		};
		DDDBC7612BB152C200769AA3 /* XCRemoteSwiftPackageReference "firebase-ios-sdk" */ = {
			isa = XCRemoteSwiftPackageReference;
			repositoryURL = "https://github.com/firebase/firebase-ios-sdk";
			requirement = {
				kind = upToNextMajorVersion;
				minimumVersion = 10.0.0;
			};
		};
/* End XCRemoteSwiftPackageReference section */

/* Begin XCSwiftPackageProductDependency section */
		286288C32BC412C6008EC561 /* MessageKit */ = {
			isa = XCSwiftPackageProductDependency;
			package = 286288C22BC412C6008EC561 /* XCRemoteSwiftPackageReference "MessageKit" */;
			productName = MessageKit;
		};
		286288C62BC414A2008EC561 /* JGProgressHUD */ = {
			isa = XCSwiftPackageProductDependency;
			package = 286288C52BC414A2008EC561 /* XCRemoteSwiftPackageReference "JGProgressHUD" */;
			productName = JGProgressHUD;
		};
		286288C92BC4173F008EC561 /* Realm */ = {
			isa = XCSwiftPackageProductDependency;
			package = 286288C82BC4173F008EC561 /* XCRemoteSwiftPackageReference "realm-swift" */;
			productName = Realm;
		};
		286288CB2BC4173F008EC561 /* RealmSwift */ = {
			isa = XCSwiftPackageProductDependency;
			package = 286288C82BC4173F008EC561 /* XCRemoteSwiftPackageReference "realm-swift" */;
			productName = RealmSwift;
		};
		286288CE2BC417A1008EC561 /* SDWebImage */ = {
			isa = XCSwiftPackageProductDependency;
			package = 286288CD2BC417A1008EC561 /* XCRemoteSwiftPackageReference "SDWebImage" */;
			productName = SDWebImage;
		};
		286288D02BC417A1008EC561 /* SDWebImageMapKit */ = {
			isa = XCSwiftPackageProductDependency;
			package = 286288CD2BC417A1008EC561 /* XCRemoteSwiftPackageReference "SDWebImage" */;
			productName = SDWebImageMapKit;
		};
		28D546362C03C82D0066539E /* EpubReaderLight */ = {
			isa = XCSwiftPackageProductDependency;
			package = 28D546352C03C82D0066539E /* XCRemoteSwiftPackageReference "epub-reader-light" */;
			productName = EpubReaderLight;
		};
		DDA968372BC3129C0024C983 /* FirebaseAuth */ = {
			isa = XCSwiftPackageProductDependency;
			package = DDDBC7612BB152C200769AA3 /* XCRemoteSwiftPackageReference "firebase-ios-sdk" */;
			productName = FirebaseAuth;
		};
		DDA9683C2BC313A60024C983 /* SnapshotTesting */ = {
			isa = XCSwiftPackageProductDependency;
			package = DDA9683B2BC313A60024C983 /* XCRemoteSwiftPackageReference "swift-snapshot-testing" */;
			productName = SnapshotTesting;
		};
		DDDBC7622BB152C200769AA3 /* FirebaseAuth */ = {
			isa = XCSwiftPackageProductDependency;
			package = DDDBC7612BB152C200769AA3 /* XCRemoteSwiftPackageReference "firebase-ios-sdk" */;
			productName = FirebaseAuth;
		};
/* End XCSwiftPackageProductDependency section */

/* Begin XCVersionGroup section */
		FBF1AEB92BB05E700045F9E9 /* Project_IOS.xcdatamodeld */ = {
			isa = XCVersionGroup;
			children = (
				FBF1AEBA2BB05E700045F9E9 /* Project_IOS.xcdatamodel */,
			);
			currentVersion = FBF1AEBA2BB05E700045F9E9 /* Project_IOS.xcdatamodel */;
			path = Project_IOS.xcdatamodeld;
			sourceTree = "<group>";
			versionGroupType = wrapper.xcdatamodel;
		};
/* End XCVersionGroup section */
	};
	rootObject = FBF1AEA52BB05E700045F9E9 /* Project object */;
}
