// !$*UTF8*$!
{
	archiveVersion = 1;
	classes = {
	};
	objectVersion = 56;
	objects = {

/* Begin PBXBuildFile section */
		FBF1AEB12BB05E700045F9E9 /* AppDelegate.swift in Sources */ = {isa = PBXBuildFile; fileRef = FBF1AEB02BB05E700045F9E9 /* AppDelegate.swift */; };
		FBF1AEB32BB05E700045F9E9 /* SceneDelegate.swift in Sources */ = {isa = PBXBuildFile; fileRef = FBF1AEB22BB05E700045F9E9 /* SceneDelegate.swift */; };
		FBF1AEB52BB05E700045F9E9 /* ViewController.swift in Sources */ = {isa = PBXBuildFile; fileRef = FBF1AEB42BB05E700045F9E9 /* ViewController.swift */; };
		FBF1AEB82BB05E700045F9E9 /* Main.storyboard in Resources */ = {isa = PBXBuildFile; fileRef = FBF1AEB62BB05E700045F9E9 /* Main.storyboard */; };
		FBF1AEBB2BB05E700045F9E9 /* Project_IOS.xcdatamodeld in Sources */ = {isa = PBXBuildFile; fileRef = FBF1AEB92BB05E700045F9E9 /* Project_IOS.xcdatamodeld */; };
		FBF1AEBD2BB05E730045F9E9 /* Assets.xcassets in Resources */ = {isa = PBXBuildFile; fileRef = FBF1AEBC2BB05E730045F9E9 /* Assets.xcassets */; };
		FBF1AEC02BB05E730045F9E9 /* LaunchScreen.storyboard in Resources */ = {isa = PBXBuildFile; fileRef = FBF1AEBE2BB05E730045F9E9 /* LaunchScreen.storyboard */; };
		FBF1AECB2BB05E730045F9E9 /* Project_IOSTests.swift in Sources */ = {isa = PBXBuildFile; fileRef = FBF1AECA2BB05E730045F9E9 /* Project_IOSTests.swift */; };
		FBF1AED52BB05E730045F9E9 /* Project_IOSUITests.swift in Sources */ = {isa = PBXBuildFile; fileRef = FBF1AED42BB05E730045F9E9 /* Project_IOSUITests.swift */; };
		FBF1AED72BB05E730045F9E9 /* Project_IOSUITestsLaunchTests.swift in Sources */ = {isa = PBXBuildFile; fileRef = FBF1AED62BB05E730045F9E9 /* Project_IOSUITestsLaunchTests.swift */; };
/* End PBXBuildFile section */

/* Begin PBXContainerItemProxy section */
		FBF1AEC72BB05E730045F9E9 /* PBXContainerItemProxy */ = {
			isa = PBXContainerItemProxy;
			containerPortal = FBF1AEA52BB05E700045F9E9 /* Project object */;
			proxyType = 1;
			remoteGlobalIDString = FBF1AEAC2BB05E700045F9E9;
			remoteInfo = Project_IOS;
		};
		FBF1AED12BB05E730045F9E9 /* PBXContainerItemProxy */ = {
			isa = PBXContainerItemProxy;
			containerPortal = FBF1AEA52BB05E700045F9E9 /* Project object */;
			proxyType = 1;
			remoteGlobalIDString = FBF1AEAC2BB05E700045F9E9;
			remoteInfo = Project_IOS;
		};
/* End PBXContainerItemProxy section */

/* Begin PBXFileReference section */
		FBF1AEAD2BB05E700045F9E9 /* Project_IOS.app */ = {isa = PBXFileReference; explicitFileType = wrapper.application; includeInIndex = 0; path = Project_IOS.app; sourceTree = BUILT_PRODUCTS_DIR; };
		FBF1AEB02BB05E700045F9E9 /* AppDelegate.swift */ = {isa = PBXFileReference; lastKnownFileType = sourcecode.swift; path = AppDelegate.swift; sourceTree = "<group>"; };
		FBF1AEB22BB05E700045F9E9 /* SceneDelegate.swift */ = {isa = PBXFileReference; lastKnownFileType = sourcecode.swift; path = SceneDelegate.swift; sourceTree = "<group>"; };
		FBF1AEB42BB05E700045F9E9 /* ViewController.swift */ = {isa = PBXFileReference; lastKnownFileType = sourcecode.swift; path = ViewController.swift; sourceTree = "<group>"; };
		FBF1AEB72BB05E700045F9E9 /* Base */ = {isa = PBXFileReference; lastKnownFileType = file.storyboard; name = Base; path = Base.lproj/Main.storyboard; sourceTree = "<group>"; };
		FBF1AEBA2BB05E700045F9E9 /* Project_IOS.xcdatamodel */ = {isa = PBXFileReference; lastKnownFileType = wrapper.xcdatamodel; path = Project_IOS.xcdatamodel; sourceTree = "<group>"; };
		FBF1AEBC2BB05E730045F9E9 /* Assets.xcassets */ = {isa = PBXFileReference; lastKnownFileType = folder.assetcatalog; path = Assets.xcassets; sourceTree = "<group>"; };
		FBF1AEBF2BB05E730045F9E9 /* Base */ = {isa = PBXFileReference; lastKnownFileType = file.storyboard; name = Base; path = Base.lproj/LaunchScreen.storyboard; sourceTree = "<group>"; };
		FBF1AEC12BB05E730045F9E9 /* Info.plist */ = {isa = PBXFileReference; lastKnownFileType = text.plist.xml; path = Info.plist; sourceTree = "<group>"; };
		FBF1AEC62BB05E730045F9E9 /* Project_IOSTests.xctest */ = {isa = PBXFileReference; explicitFileType = wrapper.cfbundle; includeInIndex = 0; path = Project_IOSTests.xctest; sourceTree = BUILT_PRODUCTS_DIR; };
		FBF1AECA2BB05E730045F9E9 /* Project_IOSTests.swift */ = {isa = PBXFileReference; lastKnownFileType = sourcecode.swift; path = Project_IOSTests.swift; sourceTree = "<group>"; };
		FBF1AED02BB05E730045F9E9 /* Project_IOSUITests.xctest */ = {isa = PBXFileReference; explicitFileType = wrapper.cfbundle; includeInIndex = 0; path = Project_IOSUITests.xctest; sourceTree = BUILT_PRODUCTS_DIR; };
		FBF1AED42BB05E730045F9E9 /* Project_IOSUITests.swift */ = {isa = PBXFileReference; lastKnownFileType = sourcecode.swift; path = Project_IOSUITests.swift; sourceTree = "<group>"; };
		FBF1AED62BB05E730045F9E9 /* Project_IOSUITestsLaunchTests.swift */ = {isa = PBXFileReference; lastKnownFileType = sourcecode.swift; path = Project_IOSUITestsLaunchTests.swift; sourceTree = "<group>"; };
/* End PBXFileReference section */

/* Begin PBXFrameworksBuildPhase section */
		FBF1AEAA2BB05E700045F9E9 /* Frameworks */ = {
			isa = PBXFrameworksBuildPhase;
			buildActionMask = 2147483647;
			files = (
			);
			runOnlyForDeploymentPostprocessing = 0;
		};
		FBF1AEC32BB05E730045F9E9 /* Frameworks */ = {
			isa = PBXFrameworksBuildPhase;
			buildActionMask = 2147483647;
			files = (
			);
			runOnlyForDeploymentPostprocessing = 0;
		};
		FBF1AECD2BB05E730045F9E9 /* Frameworks */ = {
			isa = PBXFrameworksBuildPhase;
			buildActionMask = 2147483647;
			files = (
			);
			runOnlyForDeploymentPostprocessing = 0;
		};
/* End PBXFrameworksBuildPhase section */

/* Begin PBXGroup section */
		FBF1AEA42BB05E700045F9E9 = {
			isa = PBXGroup;
			children = (
				FBF1AEAF2BB05E700045F9E9 /* Project_IOS */,
				FBF1AEC92BB05E730045F9E9 /* Project_IOSTests */,
				FBF1AED32BB05E730045F9E9 /* Project_IOSUITests */,
				FBF1AEAE2BB05E700045F9E9 /* Products */,
			);
			sourceTree = "<group>";
		};
		FBF1AEAE2BB05E700045F9E9 /* Products */ = {
			isa = PBXGroup;
			children = (
				FBF1AEAD2BB05E700045F9E9 /* Project_IOS.app */,
				FBF1AEC62BB05E730045F9E9 /* Project_IOSTests.xctest */,
				FBF1AED02BB05E730045F9E9 /* Project_IOSUITests.xctest */,
			);
			name = Products;
			sourceTree = "<group>";
		};
		FBF1AEAF2BB05E700045F9E9 /* Project_IOS */ = {
			isa = PBXGroup;
			children = (
				FBF1AEB02BB05E700045F9E9 /* AppDelegate.swift */,
				FBF1AEB22BB05E700045F9E9 /* SceneDelegate.swift */,
				FBF1AEB42BB05E700045F9E9 /* ViewController.swift */,
				FBF1AEB62BB05E700045F9E9 /* Main.storyboard */,
				FBF1AEBC2BB05E730045F9E9 /* Assets.xcassets */,
				FBF1AEBE2BB05E730045F9E9 /* LaunchScreen.storyboard */,
				FBF1AEC12BB05E730045F9E9 /* Info.plist */,
				FBF1AEB92BB05E700045F9E9 /* Project_IOS.xcdatamodeld */,
			);
			path = Project_IOS;
			sourceTree = "<group>";
		};
		FBF1AEC92BB05E730045F9E9 /* Project_IOSTests */ = {
			isa = PBXGroup;
			children = (
				FBF1AECA2BB05E730045F9E9 /* Project_IOSTests.swift */,
			);
			path = Project_IOSTests;
			sourceTree = "<group>";
		};
		FBF1AED32BB05E730045F9E9 /* Project_IOSUITests */ = {
			isa = PBXGroup;
			children = (
				FBF1AED42BB05E730045F9E9 /* Project_IOSUITests.swift */,
				FBF1AED62BB05E730045F9E9 /* Project_IOSUITestsLaunchTests.swift */,
			);
			path = Project_IOSUITests;
			sourceTree = "<group>";
		};
/* End PBXGroup section */

/* Begin PBXNativeTarget section */
		FBF1AEAC2BB05E700045F9E9 /* Project_IOS */ = {
			isa = PBXNativeTarget;
			buildConfigurationList = FBF1AEDA2BB05E730045F9E9 /* Build configuration list for PBXNativeTarget "Project_IOS" */;
			buildPhases = (
				FBF1AEA92BB05E700045F9E9 /* Sources */,
				FBF1AEAA2BB05E700045F9E9 /* Frameworks */,
				FBF1AEAB2BB05E700045F9E9 /* Resources */,
			);
			buildRules = (
			);
			dependencies = (
			);
			name = Project_IOS;
			productName = Project_IOS;
			productReference = FBF1AEAD2BB05E700045F9E9 /* Project_IOS.app */;
			productType = "com.apple.product-type.application";
		};
		FBF1AEC52BB05E730045F9E9 /* Project_IOSTests */ = {
			isa = PBXNativeTarget;
			buildConfigurationList = FBF1AEDD2BB05E730045F9E9 /* Build configuration list for PBXNativeTarget "Project_IOSTests" */;
			buildPhases = (
				FBF1AEC22BB05E730045F9E9 /* Sources */,
				FBF1AEC32BB05E730045F9E9 /* Frameworks */,
				FBF1AEC42BB05E730045F9E9 /* Resources */,
			);
			buildRules = (
			);
			dependencies = (
				FBF1AEC82BB05E730045F9E9 /* PBXTargetDependency */,
			);
			name = Project_IOSTests;
			productName = Project_IOSTests;
			productReference = FBF1AEC62BB05E730045F9E9 /* Project_IOSTests.xctest */;
			productType = "com.apple.product-type.bundle.unit-test";
		};
		FBF1AECF2BB05E730045F9E9 /* Project_IOSUITests */ = {
			isa = PBXNativeTarget;
			buildConfigurationList = FBF1AEE02BB05E730045F9E9 /* Build configuration list for PBXNativeTarget "Project_IOSUITests" */;
			buildPhases = (
				FBF1AECC2BB05E730045F9E9 /* Sources */,
				FBF1AECD2BB05E730045F9E9 /* Frameworks */,
				FBF1AECE2BB05E730045F9E9 /* Resources */,
			);
			buildRules = (
			);
			dependencies = (
				FBF1AED22BB05E730045F9E9 /* PBXTargetDependency */,
			);
			name = Project_IOSUITests;
			productName = Project_IOSUITests;
			productReference = FBF1AED02BB05E730045F9E9 /* Project_IOSUITests.xctest */;
			productType = "com.apple.product-type.bundle.ui-testing";
		};
/* End PBXNativeTarget section */

/* Begin PBXProject section */
		FBF1AEA52BB05E700045F9E9 /* Project object */ = {
			isa = PBXProject;
			attributes = {
				BuildIndependentTargetsInParallel = 1;
				LastSwiftUpdateCheck = 1420;
				LastUpgradeCheck = 1420;
				TargetAttributes = {
					FBF1AEAC2BB05E700045F9E9 = {
						CreatedOnToolsVersion = 14.2;
					};
					FBF1AEC52BB05E730045F9E9 = {
						CreatedOnToolsVersion = 14.2;
						TestTargetID = FBF1AEAC2BB05E700045F9E9;
					};
					FBF1AECF2BB05E730045F9E9 = {
						CreatedOnToolsVersion = 14.2;
						TestTargetID = FBF1AEAC2BB05E700045F9E9;
					};
				};
			};
			buildConfigurationList = FBF1AEA82BB05E700045F9E9 /* Build configuration list for PBXProject "Project_IOS" */;
			compatibilityVersion = "Xcode 14.0";
			developmentRegion = en;
			hasScannedForEncodings = 0;
			knownRegions = (
				en,
				Base,
			);
			mainGroup = FBF1AEA42BB05E700045F9E9;
			productRefGroup = FBF1AEAE2BB05E700045F9E9 /* Products */;
			projectDirPath = "";
			projectRoot = "";
			targets = (
				FBF1AEAC2BB05E700045F9E9 /* Project_IOS */,
				FBF1AEC52BB05E730045F9E9 /* Project_IOSTests */,
				FBF1AECF2BB05E730045F9E9 /* Project_IOSUITests */,
			);
		};
/* End PBXProject section */

/* Begin PBXResourcesBuildPhase section */
		FBF1AEAB2BB05E700045F9E9 /* Resources */ = {
			isa = PBXResourcesBuildPhase;
			buildActionMask = 2147483647;
			files = (
				FBF1AEC02BB05E730045F9E9 /* LaunchScreen.storyboard in Resources */,
				FBF1AEBD2BB05E730045F9E9 /* Assets.xcassets in Resources */,
				FBF1AEB82BB05E700045F9E9 /* Main.storyboard in Resources */,
			);
			runOnlyForDeploymentPostprocessing = 0;
		};
		FBF1AEC42BB05E730045F9E9 /* Resources */ = {
			isa = PBXResourcesBuildPhase;
			buildActionMask = 2147483647;
			files = (
			);
			runOnlyForDeploymentPostprocessing = 0;
		};
		FBF1AECE2BB05E730045F9E9 /* Resources */ = {
			isa = PBXResourcesBuildPhase;
			buildActionMask = 2147483647;
			files = (
			);
			runOnlyForDeploymentPostprocessing = 0;
		};
/* End PBXResourcesBuildPhase section */

/* Begin PBXSourcesBuildPhase section */
		FBF1AEA92BB05E700045F9E9 /* Sources */ = {
			isa = PBXSourcesBuildPhase;
			buildActionMask = 2147483647;
			files = (
				FBF1AEB52BB05E700045F9E9 /* ViewController.swift in Sources */,
				FBF1AEBB2BB05E700045F9E9 /* Project_IOS.xcdatamodeld in Sources */,
				FBF1AEB12BB05E700045F9E9 /* AppDelegate.swift in Sources */,
				FBF1AEB32BB05E700045F9E9 /* SceneDelegate.swift in Sources */,
			);
			runOnlyForDeploymentPostprocessing = 0;
		};
		FBF1AEC22BB05E730045F9E9 /* Sources */ = {
			isa = PBXSourcesBuildPhase;
			buildActionMask = 2147483647;
			files = (
				FBF1AECB2BB05E730045F9E9 /* Project_IOSTests.swift in Sources */,
			);
			runOnlyForDeploymentPostprocessing = 0;
		};
		FBF1AECC2BB05E730045F9E9 /* Sources */ = {
			isa = PBXSourcesBuildPhase;
			buildActionMask = 2147483647;
			files = (
				FBF1AED72BB05E730045F9E9 /* Project_IOSUITestsLaunchTests.swift in Sources */,
				FBF1AED52BB05E730045F9E9 /* Project_IOSUITests.swift in Sources */,
			);
			runOnlyForDeploymentPostprocessing = 0;
		};
/* End PBXSourcesBuildPhase section */

/* Begin PBXTargetDependency section */
		FBF1AEC82BB05E730045F9E9 /* PBXTargetDependency */ = {
			isa = PBXTargetDependency;
			target = FBF1AEAC2BB05E700045F9E9 /* Project_IOS */;
			targetProxy = FBF1AEC72BB05E730045F9E9 /* PBXContainerItemProxy */;
		};
		FBF1AED22BB05E730045F9E9 /* PBXTargetDependency */ = {
			isa = PBXTargetDependency;
			target = FBF1AEAC2BB05E700045F9E9 /* Project_IOS */;
			targetProxy = FBF1AED12BB05E730045F9E9 /* PBXContainerItemProxy */;
		};
/* End PBXTargetDependency section */

/* Begin PBXVariantGroup section */
		FBF1AEB62BB05E700045F9E9 /* Main.storyboard */ = {
			isa = PBXVariantGroup;
			children = (
				FBF1AEB72BB05E700045F9E9 /* Base */,
			);
			name = Main.storyboard;
			sourceTree = "<group>";
		};
		FBF1AEBE2BB05E730045F9E9 /* LaunchScreen.storyboard */ = {
			isa = PBXVariantGroup;
			children = (
				FBF1AEBF2BB05E730045F9E9 /* Base */,
			);
			name = LaunchScreen.storyboard;
			sourceTree = "<group>";
		};
/* End PBXVariantGroup section */

/* Begin XCBuildConfiguration section */
		FBF1AED82BB05E730045F9E9 /* Debug */ = {
			isa = XCBuildConfiguration;
			buildSettings = {
				ALWAYS_SEARCH_USER_PATHS = NO;
				CLANG_ANALYZER_NONNULL = YES;
				CLANG_ANALYZER_NUMBER_OBJECT_CONVERSION = YES_AGGRESSIVE;
				CLANG_CXX_LANGUAGE_STANDARD = "gnu++20";
				CLANG_ENABLE_MODULES = YES;
				CLANG_ENABLE_OBJC_ARC = YES;
				CLANG_ENABLE_OBJC_WEAK = YES;
				CLANG_WARN_BLOCK_CAPTURE_AUTORELEASING = YES;
				CLANG_WARN_BOOL_CONVERSION = YES;
				CLANG_WARN_COMMA = YES;
				CLANG_WARN_CONSTANT_CONVERSION = YES;
				CLANG_WARN_DEPRECATED_OBJC_IMPLEMENTATIONS = YES;
				CLANG_WARN_DIRECT_OBJC_ISA_USAGE = YES_ERROR;
				CLANG_WARN_DOCUMENTATION_COMMENTS = YES;
				CLANG_WARN_EMPTY_BODY = YES;
				CLANG_WARN_ENUM_CONVERSION = YES;
				CLANG_WARN_INFINITE_RECURSION = YES;
				CLANG_WARN_INT_CONVERSION = YES;
				CLANG_WARN_NON_LITERAL_NULL_CONVERSION = YES;
				CLANG_WARN_OBJC_IMPLICIT_RETAIN_SELF = YES;
				CLANG_WARN_OBJC_LITERAL_CONVERSION = YES;
				CLANG_WARN_OBJC_ROOT_CLASS = YES_ERROR;
				CLANG_WARN_QUOTED_INCLUDE_IN_FRAMEWORK_HEADER = YES;
				CLANG_WARN_RANGE_LOOP_ANALYSIS = YES;
				CLANG_WARN_STRICT_PROTOTYPES = YES;
				CLANG_WARN_SUSPICIOUS_MOVE = YES;
				CLANG_WARN_UNGUARDED_AVAILABILITY = YES_AGGRESSIVE;
				CLANG_WARN_UNREACHABLE_CODE = YES;
				CLANG_WARN__DUPLICATE_METHOD_MATCH = YES;
				COPY_PHASE_STRIP = NO;
				DEBUG_INFORMATION_FORMAT = dwarf;
				ENABLE_STRICT_OBJC_MSGSEND = YES;
				ENABLE_TESTABILITY = YES;
				GCC_C_LANGUAGE_STANDARD = gnu11;
				GCC_DYNAMIC_NO_PIC = NO;
				GCC_NO_COMMON_BLOCKS = YES;
				GCC_OPTIMIZATION_LEVEL = 0;
				GCC_PREPROCESSOR_DEFINITIONS = (
					"DEBUG=1",
					"$(inherited)",
				);
				GCC_WARN_64_TO_32_BIT_CONVERSION = YES;
				GCC_WARN_ABOUT_RETURN_TYPE = YES_ERROR;
				GCC_WARN_UNDECLARED_SELECTOR = YES;
				GCC_WARN_UNINITIALIZED_AUTOS = YES_AGGRESSIVE;
				GCC_WARN_UNUSED_FUNCTION = YES;
				GCC_WARN_UNUSED_VARIABLE = YES;
				IPHONEOS_DEPLOYMENT_TARGET = 16.2;
				MTL_ENABLE_DEBUG_INFO = INCLUDE_SOURCE;
				MTL_FAST_MATH = YES;
				ONLY_ACTIVE_ARCH = YES;
				SDKROOT = iphoneos;
				SWIFT_ACTIVE_COMPILATION_CONDITIONS = DEBUG;
				SWIFT_OPTIMIZATION_LEVEL = "-Onone";
			};
			name = Debug;
		};
		FBF1AED92BB05E730045F9E9 /* Release */ = {
			isa = XCBuildConfiguration;
			buildSettings = {
				ALWAYS_SEARCH_USER_PATHS = NO;
				CLANG_ANALYZER_NONNULL = YES;
				CLANG_ANALYZER_NUMBER_OBJECT_CONVERSION = YES_AGGRESSIVE;
				CLANG_CXX_LANGUAGE_STANDARD = "gnu++20";
				CLANG_ENABLE_MODULES = YES;
				CLANG_ENABLE_OBJC_ARC = YES;
				CLANG_ENABLE_OBJC_WEAK = YES;
				CLANG_WARN_BLOCK_CAPTURE_AUTORELEASING = YES;
				CLANG_WARN_BOOL_CONVERSION = YES;
				CLANG_WARN_COMMA = YES;
				CLANG_WARN_CONSTANT_CONVERSION = YES;
				CLANG_WARN_DEPRECATED_OBJC_IMPLEMENTATIONS = YES;
				CLANG_WARN_DIRECT_OBJC_ISA_USAGE = YES_ERROR;
				CLANG_WARN_DOCUMENTATION_COMMENTS = YES;
				CLANG_WARN_EMPTY_BODY = YES;
				CLANG_WARN_ENUM_CONVERSION = YES;
				CLANG_WARN_INFINITE_RECURSION = YES;
				CLANG_WARN_INT_CONVERSION = YES;
				CLANG_WARN_NON_LITERAL_NULL_CONVERSION = YES;
				CLANG_WARN_OBJC_IMPLICIT_RETAIN_SELF = YES;
				CLANG_WARN_OBJC_LITERAL_CONVERSION = YES;
				CLANG_WARN_OBJC_ROOT_CLASS = YES_ERROR;
				CLANG_WARN_QUOTED_INCLUDE_IN_FRAMEWORK_HEADER = YES;
				CLANG_WARN_RANGE_LOOP_ANALYSIS = YES;
				CLANG_WARN_STRICT_PROTOTYPES = YES;
				CLANG_WARN_SUSPICIOUS_MOVE = YES;
				CLANG_WARN_UNGUARDED_AVAILABILITY = YES_AGGRESSIVE;
				CLANG_WARN_UNREACHABLE_CODE = YES;
				CLANG_WARN__DUPLICATE_METHOD_MATCH = YES;
				COPY_PHASE_STRIP = NO;
				DEBUG_INFORMATION_FORMAT = "dwarf-with-dsym";
				ENABLE_NS_ASSERTIONS = NO;
				ENABLE_STRICT_OBJC_MSGSEND = YES;
				GCC_C_LANGUAGE_STANDARD = gnu11;
				GCC_NO_COMMON_BLOCKS = YES;
				GCC_WARN_64_TO_32_BIT_CONVERSION = YES;
				GCC_WARN_ABOUT_RETURN_TYPE = YES_ERROR;
				GCC_WARN_UNDECLARED_SELECTOR = YES;
				GCC_WARN_UNINITIALIZED_AUTOS = YES_AGGRESSIVE;
				GCC_WARN_UNUSED_FUNCTION = YES;
				GCC_WARN_UNUSED_VARIABLE = YES;
				IPHONEOS_DEPLOYMENT_TARGET = 16.2;
				MTL_ENABLE_DEBUG_INFO = NO;
				MTL_FAST_MATH = YES;
				SDKROOT = iphoneos;
				SWIFT_COMPILATION_MODE = wholemodule;
				SWIFT_OPTIMIZATION_LEVEL = "-O";
				VALIDATE_PRODUCT = YES;
			};
			name = Release;
		};
		FBF1AEDB2BB05E730045F9E9 /* Debug */ = {
			isa = XCBuildConfiguration;
			buildSettings = {
				ASSETCATALOG_COMPILER_APPICON_NAME = AppIcon;
				ASSETCATALOG_COMPILER_GLOBAL_ACCENT_COLOR_NAME = AccentColor;
				CODE_SIGN_STYLE = Automatic;
				CURRENT_PROJECT_VERSION = 1;
				DEVELOPMENT_TEAM = 4T3QDV4YTS;
				GENERATE_INFOPLIST_FILE = YES;
				INFOPLIST_FILE = Project_IOS/Info.plist;
				INFOPLIST_KEY_UIApplicationSupportsIndirectInputEvents = YES;
				INFOPLIST_KEY_UILaunchStoryboardName = LaunchScreen;
				INFOPLIST_KEY_UIMainStoryboardFile = Main;
				INFOPLIST_KEY_UISupportedInterfaceOrientations_iPad = "UIInterfaceOrientationPortrait UIInterfaceOrientationPortraitUpsideDown UIInterfaceOrientationLandscapeLeft UIInterfaceOrientationLandscapeRight";
				INFOPLIST_KEY_UISupportedInterfaceOrientations_iPhone = "UIInterfaceOrientationPortrait UIInterfaceOrientationLandscapeLeft UIInterfaceOrientationLandscapeRight";
				LD_RUNPATH_SEARCH_PATHS = (
					"$(inherited)",
					"@executable_path/Frameworks",
				);
				MARKETING_VERSION = 1.0;
				PRODUCT_BUNDLE_IDENTIFIER = "ru.kpfu.skvortsova.Project-IOS";
				PRODUCT_NAME = "$(TARGET_NAME)";
				SWIFT_EMIT_LOC_STRINGS = YES;
				SWIFT_VERSION = 5.0;
				TARGETED_DEVICE_FAMILY = "1,2";
			};
			name = Debug;
		};
		FBF1AEDC2BB05E730045F9E9 /* Release */ = {
			isa = XCBuildConfiguration;
			buildSettings = {
				ASSETCATALOG_COMPILER_APPICON_NAME = AppIcon;
				ASSETCATALOG_COMPILER_GLOBAL_ACCENT_COLOR_NAME = AccentColor;
				CODE_SIGN_STYLE = Automatic;
				CURRENT_PROJECT_VERSION = 1;
				DEVELOPMENT_TEAM = 4T3QDV4YTS;
				GENERATE_INFOPLIST_FILE = YES;
				INFOPLIST_FILE = Project_IOS/Info.plist;
				INFOPLIST_KEY_UIApplicationSupportsIndirectInputEvents = YES;
				INFOPLIST_KEY_UILaunchStoryboardName = LaunchScreen;
				INFOPLIST_KEY_UIMainStoryboardFile = Main;
				INFOPLIST_KEY_UISupportedInterfaceOrientations_iPad = "UIInterfaceOrientationPortrait UIInterfaceOrientationPortraitUpsideDown UIInterfaceOrientationLandscapeLeft UIInterfaceOrientationLandscapeRight";
				INFOPLIST_KEY_UISupportedInterfaceOrientations_iPhone = "UIInterfaceOrientationPortrait UIInterfaceOrientationLandscapeLeft UIInterfaceOrientationLandscapeRight";
				LD_RUNPATH_SEARCH_PATHS = (
					"$(inherited)",
					"@executable_path/Frameworks",
				);
				MARKETING_VERSION = 1.0;
				PRODUCT_BUNDLE_IDENTIFIER = "ru.kpfu.skvortsova.Project-IOS";
				PRODUCT_NAME = "$(TARGET_NAME)";
				SWIFT_EMIT_LOC_STRINGS = YES;
				SWIFT_VERSION = 5.0;
				TARGETED_DEVICE_FAMILY = "1,2";
			};
			name = Release;
		};
		FBF1AEDE2BB05E730045F9E9 /* Debug */ = {
			isa = XCBuildConfiguration;
			buildSettings = {
				ALWAYS_EMBED_SWIFT_STANDARD_LIBRARIES = YES;
				BUNDLE_LOADER = "$(TEST_HOST)";
				CODE_SIGN_STYLE = Automatic;
				CURRENT_PROJECT_VERSION = 1;
				DEVELOPMENT_TEAM = 4T3QDV4YTS;
				GENERATE_INFOPLIST_FILE = YES;
				IPHONEOS_DEPLOYMENT_TARGET = 16.2;
				MARKETING_VERSION = 1.0;
				PRODUCT_BUNDLE_IDENTIFIER = "ru.kpfu.skvortsova.Project-IOSTests";
				PRODUCT_NAME = "$(TARGET_NAME)";
				SWIFT_EMIT_LOC_STRINGS = NO;
				SWIFT_VERSION = 5.0;
				TARGETED_DEVICE_FAMILY = "1,2";
				TEST_HOST = "$(BUILT_PRODUCTS_DIR)/Project_IOS.app/$(BUNDLE_EXECUTABLE_FOLDER_PATH)/Project_IOS";
			};
			name = Debug;
		};
		FBF1AEDF2BB05E730045F9E9 /* Release */ = {
			isa = XCBuildConfiguration;
			buildSettings = {
				ALWAYS_EMBED_SWIFT_STANDARD_LIBRARIES = YES;
				BUNDLE_LOADER = "$(TEST_HOST)";
				CODE_SIGN_STYLE = Automatic;
				CURRENT_PROJECT_VERSION = 1;
				DEVELOPMENT_TEAM = 4T3QDV4YTS;
				GENERATE_INFOPLIST_FILE = YES;
				IPHONEOS_DEPLOYMENT_TARGET = 16.2;
				MARKETING_VERSION = 1.0;
				PRODUCT_BUNDLE_IDENTIFIER = "ru.kpfu.skvortsova.Project-IOSTests";
				PRODUCT_NAME = "$(TARGET_NAME)";
				SWIFT_EMIT_LOC_STRINGS = NO;
				SWIFT_VERSION = 5.0;
				TARGETED_DEVICE_FAMILY = "1,2";
				TEST_HOST = "$(BUILT_PRODUCTS_DIR)/Project_IOS.app/$(BUNDLE_EXECUTABLE_FOLDER_PATH)/Project_IOS";
			};
			name = Release;
		};
		FBF1AEE12BB05E730045F9E9 /* Debug */ = {
			isa = XCBuildConfiguration;
			buildSettings = {
				ALWAYS_EMBED_SWIFT_STANDARD_LIBRARIES = YES;
				CODE_SIGN_STYLE = Automatic;
				CURRENT_PROJECT_VERSION = 1;
				DEVELOPMENT_TEAM = 4T3QDV4YTS;
				GENERATE_INFOPLIST_FILE = YES;
				MARKETING_VERSION = 1.0;
				PRODUCT_BUNDLE_IDENTIFIER = "ru.kpfu.skvortsova.Project-IOSUITests";
				PRODUCT_NAME = "$(TARGET_NAME)";
				SWIFT_EMIT_LOC_STRINGS = NO;
				SWIFT_VERSION = 5.0;
				TARGETED_DEVICE_FAMILY = "1,2";
				TEST_TARGET_NAME = Project_IOS;
			};
			name = Debug;
		};
		FBF1AEE22BB05E730045F9E9 /* Release */ = {
			isa = XCBuildConfiguration;
			buildSettings = {
				ALWAYS_EMBED_SWIFT_STANDARD_LIBRARIES = YES;
				CODE_SIGN_STYLE = Automatic;
				CURRENT_PROJECT_VERSION = 1;
				DEVELOPMENT_TEAM = 4T3QDV4YTS;
				GENERATE_INFOPLIST_FILE = YES;
				MARKETING_VERSION = 1.0;
				PRODUCT_BUNDLE_IDENTIFIER = "ru.kpfu.skvortsova.Project-IOSUITests";
				PRODUCT_NAME = "$(TARGET_NAME)";
				SWIFT_EMIT_LOC_STRINGS = NO;
				SWIFT_VERSION = 5.0;
				TARGETED_DEVICE_FAMILY = "1,2";
				TEST_TARGET_NAME = Project_IOS;
			};
			name = Release;
		};
/* End XCBuildConfiguration section */

/* Begin XCConfigurationList section */
		FBF1AEA82BB05E700045F9E9 /* Build configuration list for PBXProject "Project_IOS" */ = {
			isa = XCConfigurationList;
			buildConfigurations = (
				FBF1AED82BB05E730045F9E9 /* Debug */,
				FBF1AED92BB05E730045F9E9 /* Release */,
			);
			defaultConfigurationIsVisible = 0;
			defaultConfigurationName = Release;
		};
		FBF1AEDA2BB05E730045F9E9 /* Build configuration list for PBXNativeTarget "Project_IOS" */ = {
			isa = XCConfigurationList;
			buildConfigurations = (
				FBF1AEDB2BB05E730045F9E9 /* Debug */,
				FBF1AEDC2BB05E730045F9E9 /* Release */,
			);
			defaultConfigurationIsVisible = 0;
			defaultConfigurationName = Release;
		};
		FBF1AEDD2BB05E730045F9E9 /* Build configuration list for PBXNativeTarget "Project_IOSTests" */ = {
			isa = XCConfigurationList;
			buildConfigurations = (
				FBF1AEDE2BB05E730045F9E9 /* Debug */,
				FBF1AEDF2BB05E730045F9E9 /* Release */,
			);
			defaultConfigurationIsVisible = 0;
			defaultConfigurationName = Release;
		};
		FBF1AEE02BB05E730045F9E9 /* Build configuration list for PBXNativeTarget "Project_IOSUITests" */ = {
			isa = XCConfigurationList;
			buildConfigurations = (
				FBF1AEE12BB05E730045F9E9 /* Debug */,
				FBF1AEE22BB05E730045F9E9 /* Release */,
			);
			defaultConfigurationIsVisible = 0;
			defaultConfigurationName = Release;
		};
/* End XCConfigurationList section */

/* Begin XCVersionGroup section */
		FBF1AEB92BB05E700045F9E9 /* Project_IOS.xcdatamodeld */ = {
			isa = XCVersionGroup;
			children = (
				FBF1AEBA2BB05E700045F9E9 /* Project_IOS.xcdatamodel */,
			);
			currentVersion = FBF1AEBA2BB05E700045F9E9 /* Project_IOS.xcdatamodel */;
			path = Project_IOS.xcdatamodeld;
			sourceTree = "<group>";
			versionGroupType = wrapper.xcdatamodel;
		};
/* End XCVersionGroup section */
	};
	rootObject = FBF1AEA52BB05E700045F9E9 /* Project object */;
}
